// !$*UTF8*$!
{
	archiveVersion = 1;
	classes = {
	};
	objectVersion = 55;
	objects = {

/* Begin PBXBuildFile section */
		AEA5364B27B547DC006F74C8 /* AppDelegate.swift in Sources */ = {isa = PBXBuildFile; fileRef = AEA5364A27B547DC006F74C8 /* AppDelegate.swift */; };
		AEA5364D27B547DC006F74C8 /* SceneDelegate.swift in Sources */ = {isa = PBXBuildFile; fileRef = AEA5364C27B547DC006F74C8 /* SceneDelegate.swift */; };
		AEA5364F27B547DC006F74C8 /* ViewController.swift in Sources */ = {isa = PBXBuildFile; fileRef = AEA5364E27B547DC006F74C8 /* ViewController.swift */; };
		AEA5365227B547DC006F74C8 /* Main.storyboard in Resources */ = {isa = PBXBuildFile; fileRef = AEA5365027B547DC006F74C8 /* Main.storyboard */; };
		AEA5365427B547DD006F74C8 /* Assets.xcassets in Resources */ = {isa = PBXBuildFile; fileRef = AEA5365327B547DD006F74C8 /* Assets.xcassets */; };
		AEA5365727B547DD006F74C8 /* LaunchScreen.storyboard in Resources */ = {isa = PBXBuildFile; fileRef = AEA5365527B547DD006F74C8 /* LaunchScreen.storyboard */; };
		AEA5366227B547DD006F74C8 /* ClockTests.swift in Sources */ = {isa = PBXBuildFile; fileRef = AEA5366127B547DD006F74C8 /* ClockTests.swift */; };
		AEA5366C27B547DD006F74C8 /* ClockUITests.swift in Sources */ = {isa = PBXBuildFile; fileRef = AEA5366B27B547DD006F74C8 /* ClockUITests.swift */; };
		AEA5366E27B547DD006F74C8 /* ClockUITestsLaunchTests.swift in Sources */ = {isa = PBXBuildFile; fileRef = AEA5366D27B547DD006F74C8 /* ClockUITestsLaunchTests.swift */; };
		AEA5367B27B5484A006F74C8 /* Clock.swift in Sources */ = {isa = PBXBuildFile; fileRef = AEA5367A27B5484A006F74C8 /* Clock.swift */; };
/* End PBXBuildFile section */

/* Begin PBXContainerItemProxy section */
		AEA5365E27B547DD006F74C8 /* PBXContainerItemProxy */ = {
			isa = PBXContainerItemProxy;
			containerPortal = AEA5363F27B547DC006F74C8 /* Project object */;
			proxyType = 1;
			remoteGlobalIDString = AEA5364627B547DC006F74C8;
			remoteInfo = Clock;
		};
		AEA5366827B547DD006F74C8 /* PBXContainerItemProxy */ = {
			isa = PBXContainerItemProxy;
			containerPortal = AEA5363F27B547DC006F74C8 /* Project object */;
			proxyType = 1;
			remoteGlobalIDString = AEA5364627B547DC006F74C8;
			remoteInfo = Clock;
		};
/* End PBXContainerItemProxy section */

/* Begin PBXFileReference section */
		AEA5364727B547DC006F74C8 /* Clock.app */ = {isa = PBXFileReference; explicitFileType = wrapper.application; includeInIndex = 0; path = Clock.app; sourceTree = BUILT_PRODUCTS_DIR; };
		AEA5364A27B547DC006F74C8 /* AppDelegate.swift */ = {isa = PBXFileReference; lastKnownFileType = sourcecode.swift; path = AppDelegate.swift; sourceTree = "<group>"; };
		AEA5364C27B547DC006F74C8 /* SceneDelegate.swift */ = {isa = PBXFileReference; lastKnownFileType = sourcecode.swift; path = SceneDelegate.swift; sourceTree = "<group>"; };
		AEA5364E27B547DC006F74C8 /* ViewController.swift */ = {isa = PBXFileReference; lastKnownFileType = sourcecode.swift; path = ViewController.swift; sourceTree = "<group>"; };
		AEA5365127B547DC006F74C8 /* Base */ = {isa = PBXFileReference; lastKnownFileType = file.storyboard; name = Base; path = Base.lproj/Main.storyboard; sourceTree = "<group>"; };
		AEA5365327B547DD006F74C8 /* Assets.xcassets */ = {isa = PBXFileReference; lastKnownFileType = folder.assetcatalog; path = Assets.xcassets; sourceTree = "<group>"; };
		AEA5365627B547DD006F74C8 /* Base */ = {isa = PBXFileReference; lastKnownFileType = file.storyboard; name = Base; path = Base.lproj/LaunchScreen.storyboard; sourceTree = "<group>"; };
		AEA5365827B547DD006F74C8 /* Info.plist */ = {isa = PBXFileReference; lastKnownFileType = text.plist.xml; path = Info.plist; sourceTree = "<group>"; };
		AEA5365D27B547DD006F74C8 /* ClockTests.xctest */ = {isa = PBXFileReference; explicitFileType = wrapper.cfbundle; includeInIndex = 0; path = ClockTests.xctest; sourceTree = BUILT_PRODUCTS_DIR; };
		AEA5366127B547DD006F74C8 /* ClockTests.swift */ = {isa = PBXFileReference; lastKnownFileType = sourcecode.swift; path = ClockTests.swift; sourceTree = "<group>"; };
		AEA5366727B547DD006F74C8 /* ClockUITests.xctest */ = {isa = PBXFileReference; explicitFileType = wrapper.cfbundle; includeInIndex = 0; path = ClockUITests.xctest; sourceTree = BUILT_PRODUCTS_DIR; };
		AEA5366B27B547DD006F74C8 /* ClockUITests.swift */ = {isa = PBXFileReference; lastKnownFileType = sourcecode.swift; path = ClockUITests.swift; sourceTree = "<group>"; };
		AEA5366D27B547DD006F74C8 /* ClockUITestsLaunchTests.swift */ = {isa = PBXFileReference; lastKnownFileType = sourcecode.swift; path = ClockUITestsLaunchTests.swift; sourceTree = "<group>"; };
		AEA5367A27B5484A006F74C8 /* Clock.swift */ = {isa = PBXFileReference; lastKnownFileType = sourcecode.swift; path = Clock.swift; sourceTree = "<group>"; };
/* End PBXFileReference section */

/* Begin PBXFrameworksBuildPhase section */
		AEA5364427B547DC006F74C8 /* Frameworks */ = {
			isa = PBXFrameworksBuildPhase;
			buildActionMask = 2147483647;
			files = (
			);
			runOnlyForDeploymentPostprocessing = 0;
		};
		AEA5365A27B547DD006F74C8 /* Frameworks */ = {
			isa = PBXFrameworksBuildPhase;
			buildActionMask = 2147483647;
			files = (
			);
			runOnlyForDeploymentPostprocessing = 0;
		};
		AEA5366427B547DD006F74C8 /* Frameworks */ = {
			isa = PBXFrameworksBuildPhase;
			buildActionMask = 2147483647;
			files = (
			);
			runOnlyForDeploymentPostprocessing = 0;
		};
/* End PBXFrameworksBuildPhase section */

/* Begin PBXGroup section */
		AEA5363E27B547DC006F74C8 = {
			isa = PBXGroup;
			children = (
				AEA5364927B547DC006F74C8 /* Clock */,
				AEA5366027B547DD006F74C8 /* ClockTests */,
				AEA5366A27B547DD006F74C8 /* ClockUITests */,
				AEA5364827B547DC006F74C8 /* Products */,
			);
			sourceTree = "<group>";
		};
		AEA5364827B547DC006F74C8 /* Products */ = {
			isa = PBXGroup;
			children = (
				AEA5364727B547DC006F74C8 /* Clock.app */,
				AEA5365D27B547DD006F74C8 /* ClockTests.xctest */,
				AEA5366727B547DD006F74C8 /* ClockUITests.xctest */,
			);
			name = Products;
			sourceTree = "<group>";
		};
		AEA5364927B547DC006F74C8 /* Clock */ = {
			isa = PBXGroup;
			children = (
				AEA5364A27B547DC006F74C8 /* AppDelegate.swift */,
				AEA5364C27B547DC006F74C8 /* SceneDelegate.swift */,
				AEA5364E27B547DC006F74C8 /* ViewController.swift */,
				AEA5365027B547DC006F74C8 /* Main.storyboard */,
				AEA5365327B547DD006F74C8 /* Assets.xcassets */,
				AEA5365527B547DD006F74C8 /* LaunchScreen.storyboard */,
				AEA5365827B547DD006F74C8 /* Info.plist */,
				AEA5367A27B5484A006F74C8 /* Clock.swift */,
			);
			path = Clock;
			sourceTree = "<group>";
		};
		AEA5366027B547DD006F74C8 /* ClockTests */ = {
			isa = PBXGroup;
			children = (
				AEA5366127B547DD006F74C8 /* ClockTests.swift */,
			);
			path = ClockTests;
			sourceTree = "<group>";
		};
		AEA5366A27B547DD006F74C8 /* ClockUITests */ = {
			isa = PBXGroup;
			children = (
				AEA5366B27B547DD006F74C8 /* ClockUITests.swift */,
				AEA5366D27B547DD006F74C8 /* ClockUITestsLaunchTests.swift */,
			);
			path = ClockUITests;
			sourceTree = "<group>";
		};
/* End PBXGroup section */

/* Begin PBXNativeTarget section */
		AEA5364627B547DC006F74C8 /* Clock */ = {
			isa = PBXNativeTarget;
			buildConfigurationList = AEA5367127B547DD006F74C8 /* Build configuration list for PBXNativeTarget "Clock" */;
			buildPhases = (
				AEA5364327B547DC006F74C8 /* Sources */,
				AEA5364427B547DC006F74C8 /* Frameworks */,
				AEA5364527B547DC006F74C8 /* Resources */,
			);
			buildRules = (
			);
			dependencies = (
			);
			name = Clock;
			productName = Clock;
			productReference = AEA5364727B547DC006F74C8 /* Clock.app */;
			productType = "com.apple.product-type.application";
		};
		AEA5365C27B547DD006F74C8 /* ClockTests */ = {
			isa = PBXNativeTarget;
			buildConfigurationList = AEA5367427B547DD006F74C8 /* Build configuration list for PBXNativeTarget "ClockTests" */;
			buildPhases = (
				AEA5365927B547DD006F74C8 /* Sources */,
				AEA5365A27B547DD006F74C8 /* Frameworks */,
				AEA5365B27B547DD006F74C8 /* Resources */,
			);
			buildRules = (
			);
			dependencies = (
				AEA5365F27B547DD006F74C8 /* PBXTargetDependency */,
			);
			name = ClockTests;
			productName = ClockTests;
			productReference = AEA5365D27B547DD006F74C8 /* ClockTests.xctest */;
			productType = "com.apple.product-type.bundle.unit-test";
		};
		AEA5366627B547DD006F74C8 /* ClockUITests */ = {
			isa = PBXNativeTarget;
			buildConfigurationList = AEA5367727B547DD006F74C8 /* Build configuration list for PBXNativeTarget "ClockUITests" */;
			buildPhases = (
				AEA5366327B547DD006F74C8 /* Sources */,
				AEA5366427B547DD006F74C8 /* Frameworks */,
				AEA5366527B547DD006F74C8 /* Resources */,
			);
			buildRules = (
			);
			dependencies = (
				AEA5366927B547DD006F74C8 /* PBXTargetDependency */,
			);
			name = ClockUITests;
			productName = ClockUITests;
			productReference = AEA5366727B547DD006F74C8 /* ClockUITests.xctest */;
			productType = "com.apple.product-type.bundle.ui-testing";
		};
/* End PBXNativeTarget section */

/* Begin PBXProject section */
		AEA5363F27B547DC006F74C8 /* Project object */ = {
			isa = PBXProject;
			attributes = {
				BuildIndependentTargetsInParallel = 1;
				LastSwiftUpdateCheck = 1320;
				LastUpgradeCheck = 1320;
				TargetAttributes = {
					AEA5364627B547DC006F74C8 = {
						CreatedOnToolsVersion = 13.2.1;
					};
					AEA5365C27B547DD006F74C8 = {
						CreatedOnToolsVersion = 13.2.1;
						TestTargetID = AEA5364627B547DC006F74C8;
					};
					AEA5366627B547DD006F74C8 = {
						CreatedOnToolsVersion = 13.2.1;
						TestTargetID = AEA5364627B547DC006F74C8;
					};
				};
			};
			buildConfigurationList = AEA5364227B547DC006F74C8 /* Build configuration list for PBXProject "Clock" */;
			compatibilityVersion = "Xcode 13.0";
			developmentRegion = en;
			hasScannedForEncodings = 0;
			knownRegions = (
				en,
				Base,
			);
			mainGroup = AEA5363E27B547DC006F74C8;
			productRefGroup = AEA5364827B547DC006F74C8 /* Products */;
			projectDirPath = "";
			projectRoot = "";
			targets = (
				AEA5364627B547DC006F74C8 /* Clock */,
				AEA5365C27B547DD006F74C8 /* ClockTests */,
				AEA5366627B547DD006F74C8 /* ClockUITests */,
			);
		};
/* End PBXProject section */

/* Begin PBXResourcesBuildPhase section */
		AEA5364527B547DC006F74C8 /* Resources */ = {
			isa = PBXResourcesBuildPhase;
			buildActionMask = 2147483647;
			files = (
				AEA5365727B547DD006F74C8 /* LaunchScreen.storyboard in Resources */,
				AEA5365427B547DD006F74C8 /* Assets.xcassets in Resources */,
				AEA5365227B547DC006F74C8 /* Main.storyboard in Resources */,
			);
			runOnlyForDeploymentPostprocessing = 0;
		};
		AEA5365B27B547DD006F74C8 /* Resources */ = {
			isa = PBXResourcesBuildPhase;
			buildActionMask = 2147483647;
			files = (
			);
			runOnlyForDeploymentPostprocessing = 0;
		};
		AEA5366527B547DD006F74C8 /* Resources */ = {
			isa = PBXResourcesBuildPhase;
			buildActionMask = 2147483647;
			files = (
			);
			runOnlyForDeploymentPostprocessing = 0;
		};
/* End PBXResourcesBuildPhase section */

/* Begin PBXSourcesBuildPhase section */
		AEA5364327B547DC006F74C8 /* Sources */ = {
			isa = PBXSourcesBuildPhase;
			buildActionMask = 2147483647;
			files = (
				AEA5364F27B547DC006F74C8 /* ViewController.swift in Sources */,
				AEA5364B27B547DC006F74C8 /* AppDelegate.swift in Sources */,
				AEA5367B27B5484A006F74C8 /* Clock.swift in Sources */,
				AEA5364D27B547DC006F74C8 /* SceneDelegate.swift in Sources */,
			);
			runOnlyForDeploymentPostprocessing = 0;
		};
		AEA5365927B547DD006F74C8 /* Sources */ = {
			isa = PBXSourcesBuildPhase;
			buildActionMask = 2147483647;
			files = (
				AEA5366227B547DD006F74C8 /* ClockTests.swift in Sources */,
			);
			runOnlyForDeploymentPostprocessing = 0;
		};
		AEA5366327B547DD006F74C8 /* Sources */ = {
			isa = PBXSourcesBuildPhase;
			buildActionMask = 2147483647;
			files = (
				AEA5366C27B547DD006F74C8 /* ClockUITests.swift in Sources */,
				AEA5366E27B547DD006F74C8 /* ClockUITestsLaunchTests.swift in Sources */,
			);
			runOnlyForDeploymentPostprocessing = 0;
		};
/* End PBXSourcesBuildPhase section */

/* Begin PBXTargetDependency section */
		AEA5365F27B547DD006F74C8 /* PBXTargetDependency */ = {
			isa = PBXTargetDependency;
			target = AEA5364627B547DC006F74C8 /* Clock */;
			targetProxy = AEA5365E27B547DD006F74C8 /* PBXContainerItemProxy */;
		};
		AEA5366927B547DD006F74C8 /* PBXTargetDependency */ = {
			isa = PBXTargetDependency;
			target = AEA5364627B547DC006F74C8 /* Clock */;
			targetProxy = AEA5366827B547DD006F74C8 /* PBXContainerItemProxy */;
		};
/* End PBXTargetDependency section */

/* Begin PBXVariantGroup section */
		AEA5365027B547DC006F74C8 /* Main.storyboard */ = {
			isa = PBXVariantGroup;
			children = (
				AEA5365127B547DC006F74C8 /* Base */,
			);
			name = Main.storyboard;
			sourceTree = "<group>";
		};
		AEA5365527B547DD006F74C8 /* LaunchScreen.storyboard */ = {
			isa = PBXVariantGroup;
			children = (
				AEA5365627B547DD006F74C8 /* Base */,
			);
			name = LaunchScreen.storyboard;
			sourceTree = "<group>";
		};
/* End PBXVariantGroup section */

/* Begin XCBuildConfiguration section */
		AEA5366F27B547DD006F74C8 /* Debug */ = {
			isa = XCBuildConfiguration;
			buildSettings = {
				ALWAYS_SEARCH_USER_PATHS = NO;
				CLANG_ANALYZER_NONNULL = YES;
				CLANG_ANALYZER_NUMBER_OBJECT_CONVERSION = YES_AGGRESSIVE;
				CLANG_CXX_LANGUAGE_STANDARD = "gnu++17";
				CLANG_CXX_LIBRARY = "libc++";
				CLANG_ENABLE_MODULES = YES;
				CLANG_ENABLE_OBJC_ARC = YES;
				CLANG_ENABLE_OBJC_WEAK = YES;
				CLANG_WARN_BLOCK_CAPTURE_AUTORELEASING = YES;
				CLANG_WARN_BOOL_CONVERSION = YES;
				CLANG_WARN_COMMA = YES;
				CLANG_WARN_CONSTANT_CONVERSION = YES;
				CLANG_WARN_DEPRECATED_OBJC_IMPLEMENTATIONS = YES;
				CLANG_WARN_DIRECT_OBJC_ISA_USAGE = YES_ERROR;
				CLANG_WARN_DOCUMENTATION_COMMENTS = YES;
				CLANG_WARN_EMPTY_BODY = YES;
				CLANG_WARN_ENUM_CONVERSION = YES;
				CLANG_WARN_INFINITE_RECURSION = YES;
				CLANG_WARN_INT_CONVERSION = YES;
				CLANG_WARN_NON_LITERAL_NULL_CONVERSION = YES;
				CLANG_WARN_OBJC_IMPLICIT_RETAIN_SELF = YES;
				CLANG_WARN_OBJC_LITERAL_CONVERSION = YES;
				CLANG_WARN_OBJC_ROOT_CLASS = YES_ERROR;
				CLANG_WARN_QUOTED_INCLUDE_IN_FRAMEWORK_HEADER = YES;
				CLANG_WARN_RANGE_LOOP_ANALYSIS = YES;
				CLANG_WARN_STRICT_PROTOTYPES = YES;
				CLANG_WARN_SUSPICIOUS_MOVE = YES;
				CLANG_WARN_UNGUARDED_AVAILABILITY = YES_AGGRESSIVE;
				CLANG_WARN_UNREACHABLE_CODE = YES;
				CLANG_WARN__DUPLICATE_METHOD_MATCH = YES;
				COPY_PHASE_STRIP = NO;
				DEBUG_INFORMATION_FORMAT = dwarf;
				ENABLE_STRICT_OBJC_MSGSEND = YES;
				ENABLE_TESTABILITY = YES;
				GCC_C_LANGUAGE_STANDARD = gnu11;
				GCC_DYNAMIC_NO_PIC = NO;
				GCC_NO_COMMON_BLOCKS = YES;
				GCC_OPTIMIZATION_LEVEL = 0;
				GCC_PREPROCESSOR_DEFINITIONS = (
					"DEBUG=1",
					"$(inherited)",
				);
				GCC_WARN_64_TO_32_BIT_CONVERSION = YES;
				GCC_WARN_ABOUT_RETURN_TYPE = YES_ERROR;
				GCC_WARN_UNDECLARED_SELECTOR = YES;
				GCC_WARN_UNINITIALIZED_AUTOS = YES_AGGRESSIVE;
				GCC_WARN_UNUSED_FUNCTION = YES;
				GCC_WARN_UNUSED_VARIABLE = YES;
				IPHONEOS_DEPLOYMENT_TARGET = 15.2;
				MTL_ENABLE_DEBUG_INFO = INCLUDE_SOURCE;
				MTL_FAST_MATH = YES;
				ONLY_ACTIVE_ARCH = YES;
				SDKROOT = iphoneos;
				SWIFT_ACTIVE_COMPILATION_CONDITIONS = DEBUG;
				SWIFT_OPTIMIZATION_LEVEL = "-Onone";
			};
			name = Debug;
		};
		AEA5367027B547DD006F74C8 /* Release */ = {
			isa = XCBuildConfiguration;
			buildSettings = {
				ALWAYS_SEARCH_USER_PATHS = NO;
				CLANG_ANALYZER_NONNULL = YES;
				CLANG_ANALYZER_NUMBER_OBJECT_CONVERSION = YES_AGGRESSIVE;
				CLANG_CXX_LANGUAGE_STANDARD = "gnu++17";
				CLANG_CXX_LIBRARY = "libc++";
				CLANG_ENABLE_MODULES = YES;
				CLANG_ENABLE_OBJC_ARC = YES;
				CLANG_ENABLE_OBJC_WEAK = YES;
				CLANG_WARN_BLOCK_CAPTURE_AUTORELEASING = YES;
				CLANG_WARN_BOOL_CONVERSION = YES;
				CLANG_WARN_COMMA = YES;
				CLANG_WARN_CONSTANT_CONVERSION = YES;
				CLANG_WARN_DEPRECATED_OBJC_IMPLEMENTATIONS = YES;
				CLANG_WARN_DIRECT_OBJC_ISA_USAGE = YES_ERROR;
				CLANG_WARN_DOCUMENTATION_COMMENTS = YES;
				CLANG_WARN_EMPTY_BODY = YES;
				CLANG_WARN_ENUM_CONVERSION = YES;
				CLANG_WARN_INFINITE_RECURSION = YES;
				CLANG_WARN_INT_CONVERSION = YES;
				CLANG_WARN_NON_LITERAL_NULL_CONVERSION = YES;
				CLANG_WARN_OBJC_IMPLICIT_RETAIN_SELF = YES;
				CLANG_WARN_OBJC_LITERAL_CONVERSION = YES;
				CLANG_WARN_OBJC_ROOT_CLASS = YES_ERROR;
				CLANG_WARN_QUOTED_INCLUDE_IN_FRAMEWORK_HEADER = YES;
				CLANG_WARN_RANGE_LOOP_ANALYSIS = YES;
				CLANG_WARN_STRICT_PROTOTYPES = YES;
				CLANG_WARN_SUSPICIOUS_MOVE = YES;
				CLANG_WARN_UNGUARDED_AVAILABILITY = YES_AGGRESSIVE;
				CLANG_WARN_UNREACHABLE_CODE = YES;
				CLANG_WARN__DUPLICATE_METHOD_MATCH = YES;
				COPY_PHASE_STRIP = NO;
				DEBUG_INFORMATION_FORMAT = "dwarf-with-dsym";
				ENABLE_NS_ASSERTIONS = NO;
				ENABLE_STRICT_OBJC_MSGSEND = YES;
				GCC_C_LANGUAGE_STANDARD = gnu11;
				GCC_NO_COMMON_BLOCKS = YES;
				GCC_WARN_64_TO_32_BIT_CONVERSION = YES;
				GCC_WARN_ABOUT_RETURN_TYPE = YES_ERROR;
				GCC_WARN_UNDECLARED_SELECTOR = YES;
				GCC_WARN_UNINITIALIZED_AUTOS = YES_AGGRESSIVE;
				GCC_WARN_UNUSED_FUNCTION = YES;
				GCC_WARN_UNUSED_VARIABLE = YES;
				IPHONEOS_DEPLOYMENT_TARGET = 15.2;
				MTL_ENABLE_DEBUG_INFO = NO;
				MTL_FAST_MATH = YES;
				SDKROOT = iphoneos;
				SWIFT_COMPILATION_MODE = wholemodule;
				SWIFT_OPTIMIZATION_LEVEL = "-O";
				VALIDATE_PRODUCT = YES;
			};
			name = Release;
		};
		AEA5367227B547DD006F74C8 /* Debug */ = {
			isa = XCBuildConfiguration;
			buildSettings = {
				ASSETCATALOG_COMPILER_APPICON_NAME = AppIcon;
				ASSETCATALOG_COMPILER_GLOBAL_ACCENT_COLOR_NAME = AccentColor;
				CODE_SIGN_STYLE = Automatic;
				CURRENT_PROJECT_VERSION = 1;
				GENERATE_INFOPLIST_FILE = YES;
				INFOPLIST_FILE = Clock/Info.plist;
				INFOPLIST_KEY_UIApplicationSupportsIndirectInputEvents = YES;
				INFOPLIST_KEY_UILaunchStoryboardName = LaunchScreen;
				INFOPLIST_KEY_UIMainStoryboardFile = Main;
				INFOPLIST_KEY_UISupportedInterfaceOrientations_iPad = "UIInterfaceOrientationPortrait UIInterfaceOrientationPortraitUpsideDown UIInterfaceOrientationLandscapeLeft UIInterfaceOrientationLandscapeRight";
				INFOPLIST_KEY_UISupportedInterfaceOrientations_iPhone = "UIInterfaceOrientationPortrait UIInterfaceOrientationLandscapeLeft UIInterfaceOrientationLandscapeRight";
				LD_RUNPATH_SEARCH_PATHS = (
					"$(inherited)",
					"@executable_path/Frameworks",
				);
				MARKETING_VERSION = 1.0;
				PRODUCT_BUNDLE_IDENTIFIER = test.Clock;
				PRODUCT_NAME = "$(TARGET_NAME)";
				SWIFT_EMIT_LOC_STRINGS = YES;
				SWIFT_VERSION = 5.0;
				TARGETED_DEVICE_FAMILY = "1,2";
			};
			name = Debug;
		};
		AEA5367327B547DD006F74C8 /* Release */ = {
			isa = XCBuildConfiguration;
			buildSettings = {
				ASSETCATALOG_COMPILER_APPICON_NAME = AppIcon;
				ASSETCATALOG_COMPILER_GLOBAL_ACCENT_COLOR_NAME = AccentColor;
				CODE_SIGN_STYLE = Automatic;
				CURRENT_PROJECT_VERSION = 1;
				GENERATE_INFOPLIST_FILE = YES;
				INFOPLIST_FILE = Clock/Info.plist;
				INFOPLIST_KEY_UIApplicationSupportsIndirectInputEvents = YES;
				INFOPLIST_KEY_UILaunchStoryboardName = LaunchScreen;
				INFOPLIST_KEY_UIMainStoryboardFile = Main;
				INFOPLIST_KEY_UISupportedInterfaceOrientations_iPad = "UIInterfaceOrientationPortrait UIInterfaceOrientationPortraitUpsideDown UIInterfaceOrientationLandscapeLeft UIInterfaceOrientationLandscapeRight";
				INFOPLIST_KEY_UISupportedInterfaceOrientations_iPhone = "UIInterfaceOrientationPortrait UIInterfaceOrientationLandscapeLeft UIInterfaceOrientationLandscapeRight";
				LD_RUNPATH_SEARCH_PATHS = (
					"$(inherited)",
					"@executable_path/Frameworks",
				);
				MARKETING_VERSION = 1.0;
				PRODUCT_BUNDLE_IDENTIFIER = test.Clock;
				PRODUCT_NAME = "$(TARGET_NAME)";
				SWIFT_EMIT_LOC_STRINGS = YES;
				SWIFT_VERSION = 5.0;
				TARGETED_DEVICE_FAMILY = "1,2";
			};
			name = Release;
		};
		AEA5367527B547DD006F74C8 /* Debug */ = {
			isa = XCBuildConfiguration;
			buildSettings = {
				ALWAYS_EMBED_SWIFT_STANDARD_LIBRARIES = YES;
				BUNDLE_LOADER = "$(TEST_HOST)";
				CODE_SIGN_STYLE = Automatic;
				CURRENT_PROJECT_VERSION = 1;
				GENERATE_INFOPLIST_FILE = YES;
				IPHONEOS_DEPLOYMENT_TARGET = 15.2;
				MARKETING_VERSION = 1.0;
				PRODUCT_BUNDLE_IDENTIFIER = test.ClockTests;
				PRODUCT_NAME = "$(TARGET_NAME)";
				SWIFT_EMIT_LOC_STRINGS = NO;
				SWIFT_VERSION = 5.0;
				TARGETED_DEVICE_FAMILY = "1,2";
				TEST_HOST = "$(BUILT_PRODUCTS_DIR)/Clock.app/Clock";
			};
			name = Debug;
		};
		AEA5367627B547DD006F74C8 /* Release */ = {
			isa = XCBuildConfiguration;
			buildSettings = {
				ALWAYS_EMBED_SWIFT_STANDARD_LIBRARIES = YES;
				BUNDLE_LOADER = "$(TEST_HOST)";
				CODE_SIGN_STYLE = Automatic;
				CURRENT_PROJECT_VERSION = 1;
				GENERATE_INFOPLIST_FILE = YES;
				IPHONEOS_DEPLOYMENT_TARGET = 15.2;
				MARKETING_VERSION = 1.0;
				PRODUCT_BUNDLE_IDENTIFIER = test.ClockTests;
				PRODUCT_NAME = "$(TARGET_NAME)";
				SWIFT_EMIT_LOC_STRINGS = NO;
				SWIFT_VERSION = 5.0;
				TARGETED_DEVICE_FAMILY = "1,2";
				TEST_HOST = "$(BUILT_PRODUCTS_DIR)/Clock.app/Clock";
			};
			name = Release;
		};
		AEA5367827B547DD006F74C8 /* Debug */ = {
			isa = XCBuildConfiguration;
			buildSettings = {
				ALWAYS_EMBED_SWIFT_STANDARD_LIBRARIES = YES;
				CODE_SIGN_STYLE = Automatic;
				CURRENT_PROJECT_VERSION = 1;
				GENERATE_INFOPLIST_FILE = YES;
				MARKETING_VERSION = 1.0;
				PRODUCT_BUNDLE_IDENTIFIER = test.ClockUITests;
				PRODUCT_NAME = "$(TARGET_NAME)";
				SWIFT_EMIT_LOC_STRINGS = NO;
				SWIFT_VERSION = 5.0;
				TARGETED_DEVICE_FAMILY = "1,2";
				TEST_TARGET_NAME = Clock;
			};
			name = Debug;
		};
		AEA5367927B547DD006F74C8 /* Release */ = {
			isa = XCBuildConfiguration;
			buildSettings = {
				ALWAYS_EMBED_SWIFT_STANDARD_LIBRARIES = YES;
				CODE_SIGN_STYLE = Automatic;
				CURRENT_PROJECT_VERSION = 1;
				GENERATE_INFOPLIST_FILE = YES;
				MARKETING_VERSION = 1.0;
				PRODUCT_BUNDLE_IDENTIFIER = test.ClockUITests;
				PRODUCT_NAME = "$(TARGET_NAME)";
				SWIFT_EMIT_LOC_STRINGS = NO;
				SWIFT_VERSION = 5.0;
				TARGETED_DEVICE_FAMILY = "1,2";
				TEST_TARGET_NAME = Clock;
			};
			name = Release;
		};
/* End XCBuildConfiguration section */

/* Begin XCConfigurationList section */
		AEA5364227B547DC006F74C8 /* Build configuration list for PBXProject "Clock" */ = {
			isa = XCConfigurationList;
			buildConfigurations = (
				AEA5366F27B547DD006F74C8 /* Debug */,
				AEA5367027B547DD006F74C8 /* Release */,
			);
			defaultConfigurationIsVisible = 0;
			defaultConfigurationName = Release;
		};
		AEA5367127B547DD006F74C8 /* Build configuration list for PBXNativeTarget "Clock" */ = {
			isa = XCConfigurationList;
			buildConfigurations = (
				AEA5367227B547DD006F74C8 /* Debug */,
				AEA5367327B547DD006F74C8 /* Release */,
			);
			defaultConfigurationIsVisible = 0;
			defaultConfigurationName = Release;
		};
		AEA5367427B547DD006F74C8 /* Build configuration list for PBXNativeTarget "ClockTests" */ = {
			isa = XCConfigurationList;
			buildConfigurations = (
				AEA5367527B547DD006F74C8 /* Debug */,
				AEA5367627B547DD006F74C8 /* Release */,
			);
			defaultConfigurationIsVisible = 0;
			defaultConfigurationName = Release;
		};
		AEA5367727B547DD006F74C8 /* Build configuration list for PBXNativeTarget "ClockUITests" */ = {
			isa = XCConfigurationList;
			buildConfigurations = (
				AEA5367827B547DD006F74C8 /* Debug */,
				AEA5367927B547DD006F74C8 /* Release */,
			);
			defaultConfigurationIsVisible = 0;
			defaultConfigurationName = Release;
		};
/* End XCConfigurationList section */
	};
	rootObject = AEA5363F27B547DC006F74C8 /* Project object */;
}
