// !$*UTF8*$!
{
	archiveVersion = 1;
	classes = {
	};
	objectVersion = 55;
	objects = {

/* Begin PBXBuildFile section */
		AECE0AF927F6F51C003C2571 /* AppDelegate.swift in Sources */ = {isa = PBXBuildFile; fileRef = AECE0AF827F6F51C003C2571 /* AppDelegate.swift */; };
		AECE0AFB27F6F51C003C2571 /* SceneDelegate.swift in Sources */ = {isa = PBXBuildFile; fileRef = AECE0AFA27F6F51C003C2571 /* SceneDelegate.swift */; };
		AECE0B0227F6F51F003C2571 /* Assets.xcassets in Resources */ = {isa = PBXBuildFile; fileRef = AECE0B0127F6F51F003C2571 /* Assets.xcassets */; };
		AECE0B0527F6F51F003C2571 /* LaunchScreen.storyboard in Resources */ = {isa = PBXBuildFile; fileRef = AECE0B0327F6F51F003C2571 /* LaunchScreen.storyboard */; };
		AECE0B0D27F6F59E003C2571 /* HomeViewController.swift in Sources */ = {isa = PBXBuildFile; fileRef = AECE0B0C27F6F59E003C2571 /* HomeViewController.swift */; };
		AECE0B1027F6F7F8003C2571 /* SnapKit in Frameworks */ = {isa = PBXBuildFile; productRef = AECE0B0F27F6F7F8003C2571 /* SnapKit */; };
		AECE0B1227F6FC74003C2571 /* Content.plist in Resources */ = {isa = PBXBuildFile; fileRef = AECE0B1127F6FC74003C2571 /* Content.plist */; };
		AECE0B1427F6FCBE003C2571 /* Content.swift in Sources */ = {isa = PBXBuildFile; fileRef = AECE0B1327F6FCBE003C2571 /* Content.swift */; };
		AECE0B1627F7016C003C2571 /* ContentCollectionViewCell.swift in Sources */ = {isa = PBXBuildFile; fileRef = AECE0B1527F7016C003C2571 /* ContentCollectionViewCell.swift */; };
		AECE0B1827F703FB003C2571 /* ContentCollectionViewHeader.swift in Sources */ = {isa = PBXBuildFile; fileRef = AECE0B1727F703FB003C2571 /* ContentCollectionViewHeader.swift */; };
		AECE0B1A27F73A1F003C2571 /* ContentCollectionViewRankCell.swift in Sources */ = {isa = PBXBuildFile; fileRef = AECE0B1927F73A1F003C2571 /* ContentCollectionViewRankCell.swift */; };
		AECE0B1C27F73E5B003C2571 /* ContentCollectionViewMainCell.swift in Sources */ = {isa = PBXBuildFile; fileRef = AECE0B1B27F73E5B003C2571 /* ContentCollectionViewMainCell.swift */; };
		AECE0B1E27F749F6003C2571 /* UIButton.swift in Sources */ = {isa = PBXBuildFile; fileRef = AECE0B1D27F749F6003C2571 /* UIButton.swift */; };
/* End PBXBuildFile section */

/* Begin PBXFileReference section */
		AECE0AF527F6F51C003C2571 /* NetflixStyleSampleApp.app */ = {isa = PBXFileReference; explicitFileType = wrapper.application; includeInIndex = 0; path = NetflixStyleSampleApp.app; sourceTree = BUILT_PRODUCTS_DIR; };
		AECE0AF827F6F51C003C2571 /* AppDelegate.swift */ = {isa = PBXFileReference; lastKnownFileType = sourcecode.swift; path = AppDelegate.swift; sourceTree = "<group>"; };
		AECE0AFA27F6F51C003C2571 /* SceneDelegate.swift */ = {isa = PBXFileReference; lastKnownFileType = sourcecode.swift; path = SceneDelegate.swift; sourceTree = "<group>"; };
		AECE0B0127F6F51F003C2571 /* Assets.xcassets */ = {isa = PBXFileReference; lastKnownFileType = folder.assetcatalog; path = Assets.xcassets; sourceTree = "<group>"; };
		AECE0B0427F6F51F003C2571 /* Base */ = {isa = PBXFileReference; lastKnownFileType = file.storyboard; name = Base; path = Base.lproj/LaunchScreen.storyboard; sourceTree = "<group>"; };
		AECE0B0627F6F51F003C2571 /* Info.plist */ = {isa = PBXFileReference; lastKnownFileType = text.plist.xml; path = Info.plist; sourceTree = "<group>"; };
		AECE0B0C27F6F59E003C2571 /* HomeViewController.swift */ = {isa = PBXFileReference; lastKnownFileType = sourcecode.swift; path = HomeViewController.swift; sourceTree = "<group>"; };
		AECE0B1127F6FC74003C2571 /* Content.plist */ = {isa = PBXFileReference; fileEncoding = 4; lastKnownFileType = text.plist.xml; path = Content.plist; sourceTree = "<group>"; };
		AECE0B1327F6FCBE003C2571 /* Content.swift */ = {isa = PBXFileReference; lastKnownFileType = sourcecode.swift; path = Content.swift; sourceTree = "<group>"; };
		AECE0B1527F7016C003C2571 /* ContentCollectionViewCell.swift */ = {isa = PBXFileReference; lastKnownFileType = sourcecode.swift; path = ContentCollectionViewCell.swift; sourceTree = "<group>"; };
		AECE0B1727F703FB003C2571 /* ContentCollectionViewHeader.swift */ = {isa = PBXFileReference; lastKnownFileType = sourcecode.swift; path = ContentCollectionViewHeader.swift; sourceTree = "<group>"; };
		AECE0B1927F73A1F003C2571 /* ContentCollectionViewRankCell.swift */ = {isa = PBXFileReference; lastKnownFileType = sourcecode.swift; path = ContentCollectionViewRankCell.swift; sourceTree = "<group>"; };
		AECE0B1B27F73E5B003C2571 /* ContentCollectionViewMainCell.swift */ = {isa = PBXFileReference; lastKnownFileType = sourcecode.swift; path = ContentCollectionViewMainCell.swift; sourceTree = "<group>"; };
		AECE0B1D27F749F6003C2571 /* UIButton.swift */ = {isa = PBXFileReference; lastKnownFileType = sourcecode.swift; path = UIButton.swift; sourceTree = "<group>"; };
/* End PBXFileReference section */

/* Begin PBXFrameworksBuildPhase section */
		AECE0AF227F6F51C003C2571 /* Frameworks */ = {
			isa = PBXFrameworksBuildPhase;
			buildActionMask = 2147483647;
			files = (
				AECE0B1027F6F7F8003C2571 /* SnapKit in Frameworks */,
			);
			runOnlyForDeploymentPostprocessing = 0;
		};
/* End PBXFrameworksBuildPhase section */

/* Begin PBXGroup section */
		AECE0AEC27F6F51C003C2571 = {
			isa = PBXGroup;
			children = (
				AECE0AF727F6F51C003C2571 /* NetflixStyleSampleApp */,
				AECE0AF627F6F51C003C2571 /* Products */,
			);
			sourceTree = "<group>";
		};
		AECE0AF627F6F51C003C2571 /* Products */ = {
			isa = PBXGroup;
			children = (
				AECE0AF527F6F51C003C2571 /* NetflixStyleSampleApp.app */,
			);
			name = Products;
			sourceTree = "<group>";
		};
		AECE0AF727F6F51C003C2571 /* NetflixStyleSampleApp */ = {
			isa = PBXGroup;
			children = (
				AECE0AF827F6F51C003C2571 /* AppDelegate.swift */,
				AECE0AFA27F6F51C003C2571 /* SceneDelegate.swift */,
				AECE0B0C27F6F59E003C2571 /* HomeViewController.swift */,
				AECE0B1B27F73E5B003C2571 /* ContentCollectionViewMainCell.swift */,
				AECE0B1D27F749F6003C2571 /* UIButton.swift */,
				AECE0B1927F73A1F003C2571 /* ContentCollectionViewRankCell.swift */,
				AECE0B1727F703FB003C2571 /* ContentCollectionViewHeader.swift */,
				AECE0B1527F7016C003C2571 /* ContentCollectionViewCell.swift */,
				AECE0B0127F6F51F003C2571 /* Assets.xcassets */,
				AECE0B0327F6F51F003C2571 /* LaunchScreen.storyboard */,
				AECE0B1127F6FC74003C2571 /* Content.plist */,
				AECE0B1327F6FCBE003C2571 /* Content.swift */,
				AECE0B0627F6F51F003C2571 /* Info.plist */,
			);
			path = NetflixStyleSampleApp;
			sourceTree = "<group>";
		};
/* End PBXGroup section */

/* Begin PBXNativeTarget section */
		AECE0AF427F6F51C003C2571 /* NetflixStyleSampleApp */ = {
			isa = PBXNativeTarget;
			buildConfigurationList = AECE0B0927F6F51F003C2571 /* Build configuration list for PBXNativeTarget "NetflixStyleSampleApp" */;
			buildPhases = (
				AECE0AF127F6F51C003C2571 /* Sources */,
				AECE0AF227F6F51C003C2571 /* Frameworks */,
				AECE0AF327F6F51C003C2571 /* Resources */,
			);
			buildRules = (
			);
			dependencies = (
			);
			name = NetflixStyleSampleApp;
			packageProductDependencies = (
				AECE0B0F27F6F7F8003C2571 /* SnapKit */,
			);
			productName = NetflixStyleSampleApp;
			productReference = AECE0AF527F6F51C003C2571 /* NetflixStyleSampleApp.app */;
			productType = "com.apple.product-type.application";
		};
/* End PBXNativeTarget section */

/* Begin PBXProject section */
		AECE0AED27F6F51C003C2571 /* Project object */ = {
			isa = PBXProject;
			attributes = {
				BuildIndependentTargetsInParallel = 1;
				LastSwiftUpdateCheck = 1330;
				LastUpgradeCheck = 1330;
				TargetAttributes = {
					AECE0AF427F6F51C003C2571 = {
						CreatedOnToolsVersion = 13.3;
					};
				};
			};
			buildConfigurationList = AECE0AF027F6F51C003C2571 /* Build configuration list for PBXProject "NetflixStyleSampleApp" */;
			compatibilityVersion = "Xcode 13.0";
			developmentRegion = en;
			hasScannedForEncodings = 0;
			knownRegions = (
				en,
				Base,
			);
			mainGroup = AECE0AEC27F6F51C003C2571;
			packageReferences = (
				AECE0B0E27F6F7F8003C2571 /* XCRemoteSwiftPackageReference "SnapKit" */,
			);
			productRefGroup = AECE0AF627F6F51C003C2571 /* Products */;
			projectDirPath = "";
			projectRoot = "";
			targets = (
				AECE0AF427F6F51C003C2571 /* NetflixStyleSampleApp */,
			);
		};
/* End PBXProject section */

/* Begin PBXResourcesBuildPhase section */
		AECE0AF327F6F51C003C2571 /* Resources */ = {
			isa = PBXResourcesBuildPhase;
			buildActionMask = 2147483647;
			files = (
				AECE0B0527F6F51F003C2571 /* LaunchScreen.storyboard in Resources */,
				AECE0B0227F6F51F003C2571 /* Assets.xcassets in Resources */,
				AECE0B1227F6FC74003C2571 /* Content.plist in Resources */,
			);
			runOnlyForDeploymentPostprocessing = 0;
		};
/* End PBXResourcesBuildPhase section */

/* Begin PBXSourcesBuildPhase section */
		AECE0AF127F6F51C003C2571 /* Sources */ = {
			isa = PBXSourcesBuildPhase;
			buildActionMask = 2147483647;
			files = (
				AECE0AF927F6F51C003C2571 /* AppDelegate.swift in Sources */,
				AECE0B1827F703FB003C2571 /* ContentCollectionViewHeader.swift in Sources */,
				AECE0AFB27F6F51C003C2571 /* SceneDelegate.swift in Sources */,
				AECE0B1A27F73A1F003C2571 /* ContentCollectionViewRankCell.swift in Sources */,
				AECE0B0D27F6F59E003C2571 /* HomeViewController.swift in Sources */,
				AECE0B1C27F73E5B003C2571 /* ContentCollectionViewMainCell.swift in Sources */,
				AECE0B1427F6FCBE003C2571 /* Content.swift in Sources */,
				AECE0B1627F7016C003C2571 /* ContentCollectionViewCell.swift in Sources */,
				AECE0B1E27F749F6003C2571 /* UIButton.swift in Sources */,
			);
			runOnlyForDeploymentPostprocessing = 0;
		};
/* End PBXSourcesBuildPhase section */

/* Begin PBXVariantGroup section */
		AECE0B0327F6F51F003C2571 /* LaunchScreen.storyboard */ = {
			isa = PBXVariantGroup;
			children = (
				AECE0B0427F6F51F003C2571 /* Base */,
			);
			name = LaunchScreen.storyboard;
			sourceTree = "<group>";
		};
/* End PBXVariantGroup section */

/* Begin XCBuildConfiguration section */
		AECE0B0727F6F51F003C2571 /* Debug */ = {
			isa = XCBuildConfiguration;
			buildSettings = {
				ALWAYS_SEARCH_USER_PATHS = NO;
				CLANG_ANALYZER_NONNULL = YES;
				CLANG_ANALYZER_NUMBER_OBJECT_CONVERSION = YES_AGGRESSIVE;
				CLANG_CXX_LANGUAGE_STANDARD = "gnu++17";
				CLANG_ENABLE_MODULES = YES;
				CLANG_ENABLE_OBJC_ARC = YES;
				CLANG_ENABLE_OBJC_WEAK = YES;
				CLANG_WARN_BLOCK_CAPTURE_AUTORELEASING = YES;
				CLANG_WARN_BOOL_CONVERSION = YES;
				CLANG_WARN_COMMA = YES;
				CLANG_WARN_CONSTANT_CONVERSION = YES;
				CLANG_WARN_DEPRECATED_OBJC_IMPLEMENTATIONS = YES;
				CLANG_WARN_DIRECT_OBJC_ISA_USAGE = YES_ERROR;
				CLANG_WARN_DOCUMENTATION_COMMENTS = YES;
				CLANG_WARN_EMPTY_BODY = YES;
				CLANG_WARN_ENUM_CONVERSION = YES;
				CLANG_WARN_INFINITE_RECURSION = YES;
				CLANG_WARN_INT_CONVERSION = YES;
				CLANG_WARN_NON_LITERAL_NULL_CONVERSION = YES;
				CLANG_WARN_OBJC_IMPLICIT_RETAIN_SELF = YES;
				CLANG_WARN_OBJC_LITERAL_CONVERSION = YES;
				CLANG_WARN_OBJC_ROOT_CLASS = YES_ERROR;
				CLANG_WARN_QUOTED_INCLUDE_IN_FRAMEWORK_HEADER = YES;
				CLANG_WARN_RANGE_LOOP_ANALYSIS = YES;
				CLANG_WARN_STRICT_PROTOTYPES = YES;
				CLANG_WARN_SUSPICIOUS_MOVE = YES;
				CLANG_WARN_UNGUARDED_AVAILABILITY = YES_AGGRESSIVE;
				CLANG_WARN_UNREACHABLE_CODE = YES;
				CLANG_WARN__DUPLICATE_METHOD_MATCH = YES;
				COPY_PHASE_STRIP = NO;
				DEBUG_INFORMATION_FORMAT = dwarf;
				ENABLE_STRICT_OBJC_MSGSEND = YES;
				ENABLE_TESTABILITY = YES;
				GCC_C_LANGUAGE_STANDARD = gnu11;
				GCC_DYNAMIC_NO_PIC = NO;
				GCC_NO_COMMON_BLOCKS = YES;
				GCC_OPTIMIZATION_LEVEL = 0;
				GCC_PREPROCESSOR_DEFINITIONS = (
					"DEBUG=1",
					"$(inherited)",
				);
				GCC_WARN_64_TO_32_BIT_CONVERSION = YES;
				GCC_WARN_ABOUT_RETURN_TYPE = YES_ERROR;
				GCC_WARN_UNDECLARED_SELECTOR = YES;
				GCC_WARN_UNINITIALIZED_AUTOS = YES_AGGRESSIVE;
				GCC_WARN_UNUSED_FUNCTION = YES;
				GCC_WARN_UNUSED_VARIABLE = YES;
				IPHONEOS_DEPLOYMENT_TARGET = 15.4;
				MTL_ENABLE_DEBUG_INFO = INCLUDE_SOURCE;
				MTL_FAST_MATH = YES;
				ONLY_ACTIVE_ARCH = YES;
				SDKROOT = iphoneos;
				SWIFT_ACTIVE_COMPILATION_CONDITIONS = DEBUG;
				SWIFT_OPTIMIZATION_LEVEL = "-Onone";
			};
			name = Debug;
		};
		AECE0B0827F6F51F003C2571 /* Release */ = {
			isa = XCBuildConfiguration;
			buildSettings = {
				ALWAYS_SEARCH_USER_PATHS = NO;
				CLANG_ANALYZER_NONNULL = YES;
				CLANG_ANALYZER_NUMBER_OBJECT_CONVERSION = YES_AGGRESSIVE;
				CLANG_CXX_LANGUAGE_STANDARD = "gnu++17";
				CLANG_ENABLE_MODULES = YES;
				CLANG_ENABLE_OBJC_ARC = YES;
				CLANG_ENABLE_OBJC_WEAK = YES;
				CLANG_WARN_BLOCK_CAPTURE_AUTORELEASING = YES;
				CLANG_WARN_BOOL_CONVERSION = YES;
				CLANG_WARN_COMMA = YES;
				CLANG_WARN_CONSTANT_CONVERSION = YES;
				CLANG_WARN_DEPRECATED_OBJC_IMPLEMENTATIONS = YES;
				CLANG_WARN_DIRECT_OBJC_ISA_USAGE = YES_ERROR;
				CLANG_WARN_DOCUMENTATION_COMMENTS = YES;
				CLANG_WARN_EMPTY_BODY = YES;
				CLANG_WARN_ENUM_CONVERSION = YES;
				CLANG_WARN_INFINITE_RECURSION = YES;
				CLANG_WARN_INT_CONVERSION = YES;
				CLANG_WARN_NON_LITERAL_NULL_CONVERSION = YES;
				CLANG_WARN_OBJC_IMPLICIT_RETAIN_SELF = YES;
				CLANG_WARN_OBJC_LITERAL_CONVERSION = YES;
				CLANG_WARN_OBJC_ROOT_CLASS = YES_ERROR;
				CLANG_WARN_QUOTED_INCLUDE_IN_FRAMEWORK_HEADER = YES;
				CLANG_WARN_RANGE_LOOP_ANALYSIS = YES;
				CLANG_WARN_STRICT_PROTOTYPES = YES;
				CLANG_WARN_SUSPICIOUS_MOVE = YES;
				CLANG_WARN_UNGUARDED_AVAILABILITY = YES_AGGRESSIVE;
				CLANG_WARN_UNREACHABLE_CODE = YES;
				CLANG_WARN__DUPLICATE_METHOD_MATCH = YES;
				COPY_PHASE_STRIP = NO;
				DEBUG_INFORMATION_FORMAT = "dwarf-with-dsym";
				ENABLE_NS_ASSERTIONS = NO;
				ENABLE_STRICT_OBJC_MSGSEND = YES;
				GCC_C_LANGUAGE_STANDARD = gnu11;
				GCC_NO_COMMON_BLOCKS = YES;
				GCC_WARN_64_TO_32_BIT_CONVERSION = YES;
				GCC_WARN_ABOUT_RETURN_TYPE = YES_ERROR;
				GCC_WARN_UNDECLARED_SELECTOR = YES;
				GCC_WARN_UNINITIALIZED_AUTOS = YES_AGGRESSIVE;
				GCC_WARN_UNUSED_FUNCTION = YES;
				GCC_WARN_UNUSED_VARIABLE = YES;
				IPHONEOS_DEPLOYMENT_TARGET = 15.4;
				MTL_ENABLE_DEBUG_INFO = NO;
				MTL_FAST_MATH = YES;
				SDKROOT = iphoneos;
				SWIFT_COMPILATION_MODE = wholemodule;
				SWIFT_OPTIMIZATION_LEVEL = "-O";
				VALIDATE_PRODUCT = YES;
			};
			name = Release;
		};
		AECE0B0A27F6F51F003C2571 /* Debug */ = {
			isa = XCBuildConfiguration;
			buildSettings = {
				ASSETCATALOG_COMPILER_APPICON_NAME = AppIcon;
				ASSETCATALOG_COMPILER_GLOBAL_ACCENT_COLOR_NAME = AccentColor;
				CODE_SIGN_STYLE = Automatic;
				CURRENT_PROJECT_VERSION = 1;
				DEVELOPMENT_TEAM = ZAL935K4Y8;
				GENERATE_INFOPLIST_FILE = YES;
				INFOPLIST_FILE = NetflixStyleSampleApp/Info.plist;
				INFOPLIST_KEY_UIApplicationSupportsIndirectInputEvents = YES;
				INFOPLIST_KEY_UILaunchStoryboardName = LaunchScreen;
				INFOPLIST_KEY_UISupportedInterfaceOrientations_iPad = "UIInterfaceOrientationPortrait UIInterfaceOrientationPortraitUpsideDown UIInterfaceOrientationLandscapeLeft UIInterfaceOrientationLandscapeRight";
				INFOPLIST_KEY_UISupportedInterfaceOrientations_iPhone = "UIInterfaceOrientationPortrait UIInterfaceOrientationLandscapeLeft UIInterfaceOrientationLandscapeRight";
				LD_RUNPATH_SEARCH_PATHS = (
					"$(inherited)",
					"@executable_path/Frameworks",
				);
				MARKETING_VERSION = 1.0;
				PRODUCT_BUNDLE_IDENTIFIER = test.NetflixStyleSampleApp;
				PRODUCT_NAME = "$(TARGET_NAME)";
				SWIFT_EMIT_LOC_STRINGS = YES;
				SWIFT_VERSION = 5.0;
				TARGETED_DEVICE_FAMILY = "1,2";
			};
			name = Debug;
		};
		AECE0B0B27F6F51F003C2571 /* Release */ = {
			isa = XCBuildConfiguration;
			buildSettings = {
				ASSETCATALOG_COMPILER_APPICON_NAME = AppIcon;
				ASSETCATALOG_COMPILER_GLOBAL_ACCENT_COLOR_NAME = AccentColor;
				CODE_SIGN_STYLE = Automatic;
				CURRENT_PROJECT_VERSION = 1;
				DEVELOPMENT_TEAM = ZAL935K4Y8;
				GENERATE_INFOPLIST_FILE = YES;
				INFOPLIST_FILE = NetflixStyleSampleApp/Info.plist;
				INFOPLIST_KEY_UIApplicationSupportsIndirectInputEvents = YES;
				INFOPLIST_KEY_UILaunchStoryboardName = LaunchScreen;
				INFOPLIST_KEY_UISupportedInterfaceOrientations_iPad = "UIInterfaceOrientationPortrait UIInterfaceOrientationPortraitUpsideDown UIInterfaceOrientationLandscapeLeft UIInterfaceOrientationLandscapeRight";
				INFOPLIST_KEY_UISupportedInterfaceOrientations_iPhone = "UIInterfaceOrientationPortrait UIInterfaceOrientationLandscapeLeft UIInterfaceOrientationLandscapeRight";
				LD_RUNPATH_SEARCH_PATHS = (
					"$(inherited)",
					"@executable_path/Frameworks",
				);
				MARKETING_VERSION = 1.0;
				PRODUCT_BUNDLE_IDENTIFIER = test.NetflixStyleSampleApp;
				PRODUCT_NAME = "$(TARGET_NAME)";
				SWIFT_EMIT_LOC_STRINGS = YES;
				SWIFT_VERSION = 5.0;
				TARGETED_DEVICE_FAMILY = "1,2";
			};
			name = Release;
		};
/* End XCBuildConfiguration section */

/* Begin XCConfigurationList section */
		AECE0AF027F6F51C003C2571 /* Build configuration list for PBXProject "NetflixStyleSampleApp" */ = {
			isa = XCConfigurationList;
			buildConfigurations = (
				AECE0B0727F6F51F003C2571 /* Debug */,
				AECE0B0827F6F51F003C2571 /* Release */,
			);
			defaultConfigurationIsVisible = 0;
			defaultConfigurationName = Release;
		};
		AECE0B0927F6F51F003C2571 /* Build configuration list for PBXNativeTarget "NetflixStyleSampleApp" */ = {
			isa = XCConfigurationList;
			buildConfigurations = (
				AECE0B0A27F6F51F003C2571 /* Debug */,
				AECE0B0B27F6F51F003C2571 /* Release */,
			);
			defaultConfigurationIsVisible = 0;
			defaultConfigurationName = Release;
		};
/* End XCConfigurationList section */

/* Begin XCRemoteSwiftPackageReference section */
		AECE0B0E27F6F7F8003C2571 /* XCRemoteSwiftPackageReference "SnapKit" */ = {
			isa = XCRemoteSwiftPackageReference;
			repositoryURL = "https://github.com/SnapKit/SnapKit.git";
			requirement = {
				kind = upToNextMajorVersion;
				minimumVersion = 5.0.0;
			};
		};
/* End XCRemoteSwiftPackageReference section */

/* Begin XCSwiftPackageProductDependency section */
		AECE0B0F27F6F7F8003C2571 /* SnapKit */ = {
			isa = XCSwiftPackageProductDependency;
			package = AECE0B0E27F6F7F8003C2571 /* XCRemoteSwiftPackageReference "SnapKit" */;
			productName = SnapKit;
		};
/* End XCSwiftPackageProductDependency section */
	};
	rootObject = AECE0AED27F6F51C003C2571 /* Project object */;
}
