// !$*UTF8*$!
{
	archiveVersion = 1;
	classes = {
	};
	objectVersion = 55;
	objects = {

/* Begin PBXBuildFile section */
		AEA39C0727BA6EBB00D0F70B /* Landmark.swift in Sources */ = {isa = PBXBuildFile; fileRef = AEA39C0627BA6EBB00D0F70B /* Landmark.swift */; };
		AEA39C0927BA74DB00D0F70B /* ModelData.swift in Sources */ = {isa = PBXBuildFile; fileRef = AEA39C0827BA74DB00D0F70B /* ModelData.swift */; };
		AEA39C0D27BA7EAF00D0F70B /* LandmarkRow.swift in Sources */ = {isa = PBXBuildFile; fileRef = AEA39C0C27BA7EAF00D0F70B /* LandmarkRow.swift */; };
		AEA39C0F27BA80BA00D0F70B /* LandmarkList.swift in Sources */ = {isa = PBXBuildFile; fileRef = AEA39C0E27BA80BA00D0F70B /* LandmarkList.swift */; };
		AEA39C1127BA83B700D0F70B /* LandmarkDetail.swift in Sources */ = {isa = PBXBuildFile; fileRef = AEA39C1027BA83B700D0F70B /* LandmarkDetail.swift */; };
		AEA3BC7627BBCAF70013FA5F /* FavoriteButton.swift in Sources */ = {isa = PBXBuildFile; fileRef = AEA3BC7527BBCAF70013FA5F /* FavoriteButton.swift */; };
		AEB858D327BBC04900EA2AE3 /* LICENSE.txt in Resources */ = {isa = PBXBuildFile; fileRef = AEB858C527BBC04900EA2AE3 /* LICENSE.txt */; };
		AEB858D427BBC04900EA2AE3 /* umbagog@2x.jpg in Resources */ = {isa = PBXBuildFile; fileRef = AEB858C727BBC04900EA2AE3 /* umbagog@2x.jpg */; };
		AEB858D527BBC04900EA2AE3 /* twinlake@2x.jpg in Resources */ = {isa = PBXBuildFile; fileRef = AEB858C827BBC04900EA2AE3 /* twinlake@2x.jpg */; };
		AEB858D627BBC04900EA2AE3 /* chincoteague@2x.jpg in Resources */ = {isa = PBXBuildFile; fileRef = AEB858C927BBC04900EA2AE3 /* chincoteague@2x.jpg */; };
		AEB858D727BBC04900EA2AE3 /* lakemcdonald@2x.jpg in Resources */ = {isa = PBXBuildFile; fileRef = AEB858CA27BBC04900EA2AE3 /* lakemcdonald@2x.jpg */; };
		AEB858D827BBC04900EA2AE3 /* silversalmoncreek@2x.jpg in Resources */ = {isa = PBXBuildFile; fileRef = AEB858CB27BBC04900EA2AE3 /* silversalmoncreek@2x.jpg */; };
		AEB858D927BBC04900EA2AE3 /* icybay@2x.jpg in Resources */ = {isa = PBXBuildFile; fileRef = AEB858CC27BBC04900EA2AE3 /* icybay@2x.jpg */; };
		AEB858DA27BBC04900EA2AE3 /* hiddenlake@2x.jpg in Resources */ = {isa = PBXBuildFile; fileRef = AEB858CD27BBC04900EA2AE3 /* hiddenlake@2x.jpg */; };
		AEB858DB27BBC04900EA2AE3 /* chilkoottrail@2x.jpg in Resources */ = {isa = PBXBuildFile; fileRef = AEB858CE27BBC04900EA2AE3 /* chilkoottrail@2x.jpg */; };
		AEB858DC27BBC04900EA2AE3 /* stmarylake@2x.jpg in Resources */ = {isa = PBXBuildFile; fileRef = AEB858CF27BBC04900EA2AE3 /* stmarylake@2x.jpg */; };
		AEB858DD27BBC04900EA2AE3 /* charleyrivers@2x.jpg in Resources */ = {isa = PBXBuildFile; fileRef = AEB858D027BBC04900EA2AE3 /* charleyrivers@2x.jpg */; };
		AEB858DE27BBC04900EA2AE3 /* rainbowlake@2x.jpg in Resources */ = {isa = PBXBuildFile; fileRef = AEB858D127BBC04900EA2AE3 /* rainbowlake@2x.jpg */; };
		AEB858DF27BBC04900EA2AE3 /* landmarkData.json in Resources */ = {isa = PBXBuildFile; fileRef = AEB858D227BBC04900EA2AE3 /* landmarkData.json */; };
		AEF51E0E27B68722009A7869 /* LandmarksApp.swift in Sources */ = {isa = PBXBuildFile; fileRef = AEF51E0D27B68722009A7869 /* LandmarksApp.swift */; };
		AEF51E1027B68722009A7869 /* ContentView.swift in Sources */ = {isa = PBXBuildFile; fileRef = AEF51E0F27B68722009A7869 /* ContentView.swift */; };
		AEF51E1227B68723009A7869 /* Assets.xcassets in Resources */ = {isa = PBXBuildFile; fileRef = AEF51E1127B68723009A7869 /* Assets.xcassets */; };
		AEF51E1527B68723009A7869 /* Preview Assets.xcassets in Resources */ = {isa = PBXBuildFile; fileRef = AEF51E1427B68723009A7869 /* Preview Assets.xcassets */; };
		AEF51E1F27B68723009A7869 /* LandmarksTests.swift in Sources */ = {isa = PBXBuildFile; fileRef = AEF51E1E27B68723009A7869 /* LandmarksTests.swift */; };
		AEF51E2927B68723009A7869 /* LandmarksUITests.swift in Sources */ = {isa = PBXBuildFile; fileRef = AEF51E2827B68723009A7869 /* LandmarksUITests.swift */; };
		AEF51E2B27B68723009A7869 /* LandmarksUITestsLaunchTests.swift in Sources */ = {isa = PBXBuildFile; fileRef = AEF51E2A27B68723009A7869 /* LandmarksUITestsLaunchTests.swift */; };
		AEF51E3827B68BDF009A7869 /* CircleImage.swift in Sources */ = {isa = PBXBuildFile; fileRef = AEF51E3727B68BDF009A7869 /* CircleImage.swift */; };
		AEF51E3C27B68FA7009A7869 /* MapView.swift in Sources */ = {isa = PBXBuildFile; fileRef = AEF51E3B27B68FA7009A7869 /* MapView.swift */; };
/* End PBXBuildFile section */

/* Begin PBXContainerItemProxy section */
		AEF51E1B27B68723009A7869 /* PBXContainerItemProxy */ = {
			isa = PBXContainerItemProxy;
			containerPortal = AEF51E0227B68722009A7869 /* Project object */;
			proxyType = 1;
			remoteGlobalIDString = AEF51E0927B68722009A7869;
			remoteInfo = Landmarks;
		};
		AEF51E2527B68723009A7869 /* PBXContainerItemProxy */ = {
			isa = PBXContainerItemProxy;
			containerPortal = AEF51E0227B68722009A7869 /* Project object */;
			proxyType = 1;
			remoteGlobalIDString = AEF51E0927B68722009A7869;
			remoteInfo = Landmarks;
		};
/* End PBXContainerItemProxy section */

/* Begin PBXFileReference section */
		AEA39C0627BA6EBB00D0F70B /* Landmark.swift */ = {isa = PBXFileReference; lastKnownFileType = sourcecode.swift; path = Landmark.swift; sourceTree = "<group>"; };
		AEA39C0827BA74DB00D0F70B /* ModelData.swift */ = {isa = PBXFileReference; lastKnownFileType = sourcecode.swift; path = ModelData.swift; sourceTree = "<group>"; };
		AEA39C0C27BA7EAF00D0F70B /* LandmarkRow.swift */ = {isa = PBXFileReference; lastKnownFileType = sourcecode.swift; path = LandmarkRow.swift; sourceTree = "<group>"; };
		AEA39C0E27BA80BA00D0F70B /* LandmarkList.swift */ = {isa = PBXFileReference; lastKnownFileType = sourcecode.swift; path = LandmarkList.swift; sourceTree = "<group>"; };
		AEA39C1027BA83B700D0F70B /* LandmarkDetail.swift */ = {isa = PBXFileReference; lastKnownFileType = sourcecode.swift; path = LandmarkDetail.swift; sourceTree = "<group>"; };
		AEA3BC7527BBCAF70013FA5F /* FavoriteButton.swift */ = {isa = PBXFileReference; lastKnownFileType = sourcecode.swift; path = FavoriteButton.swift; sourceTree = "<group>"; };
		AEB858C527BBC04900EA2AE3 /* LICENSE.txt */ = {isa = PBXFileReference; fileEncoding = 4; lastKnownFileType = text; path = LICENSE.txt; sourceTree = "<group>"; };
		AEB858C727BBC04900EA2AE3 /* umbagog@2x.jpg */ = {isa = PBXFileReference; lastKnownFileType = image.jpeg; path = "umbagog@2x.jpg"; sourceTree = "<group>"; };
		AEB858C827BBC04900EA2AE3 /* twinlake@2x.jpg */ = {isa = PBXFileReference; lastKnownFileType = image.jpeg; path = "twinlake@2x.jpg"; sourceTree = "<group>"; };
		AEB858C927BBC04900EA2AE3 /* chincoteague@2x.jpg */ = {isa = PBXFileReference; lastKnownFileType = image.jpeg; path = "chincoteague@2x.jpg"; sourceTree = "<group>"; };
		AEB858CA27BBC04900EA2AE3 /* lakemcdonald@2x.jpg */ = {isa = PBXFileReference; lastKnownFileType = image.jpeg; path = "lakemcdonald@2x.jpg"; sourceTree = "<group>"; };
		AEB858CB27BBC04900EA2AE3 /* silversalmoncreek@2x.jpg */ = {isa = PBXFileReference; lastKnownFileType = image.jpeg; path = "silversalmoncreek@2x.jpg"; sourceTree = "<group>"; };
		AEB858CC27BBC04900EA2AE3 /* icybay@2x.jpg */ = {isa = PBXFileReference; lastKnownFileType = image.jpeg; path = "icybay@2x.jpg"; sourceTree = "<group>"; };
		AEB858CD27BBC04900EA2AE3 /* hiddenlake@2x.jpg */ = {isa = PBXFileReference; lastKnownFileType = image.jpeg; path = "hiddenlake@2x.jpg"; sourceTree = "<group>"; };
		AEB858CE27BBC04900EA2AE3 /* chilkoottrail@2x.jpg */ = {isa = PBXFileReference; lastKnownFileType = image.jpeg; path = "chilkoottrail@2x.jpg"; sourceTree = "<group>"; };
		AEB858CF27BBC04900EA2AE3 /* stmarylake@2x.jpg */ = {isa = PBXFileReference; lastKnownFileType = image.jpeg; path = "stmarylake@2x.jpg"; sourceTree = "<group>"; };
		AEB858D027BBC04900EA2AE3 /* charleyrivers@2x.jpg */ = {isa = PBXFileReference; lastKnownFileType = image.jpeg; path = "charleyrivers@2x.jpg"; sourceTree = "<group>"; };
		AEB858D127BBC04900EA2AE3 /* rainbowlake@2x.jpg */ = {isa = PBXFileReference; lastKnownFileType = image.jpeg; path = "rainbowlake@2x.jpg"; sourceTree = "<group>"; };
		AEB858D227BBC04900EA2AE3 /* landmarkData.json */ = {isa = PBXFileReference; fileEncoding = 4; lastKnownFileType = text.json; path = landmarkData.json; sourceTree = "<group>"; };
		AEF51E0A27B68722009A7869 /* Landmarks.app */ = {isa = PBXFileReference; explicitFileType = wrapper.application; includeInIndex = 0; path = Landmarks.app; sourceTree = BUILT_PRODUCTS_DIR; };
		AEF51E0D27B68722009A7869 /* LandmarksApp.swift */ = {isa = PBXFileReference; lastKnownFileType = sourcecode.swift; path = LandmarksApp.swift; sourceTree = "<group>"; };
		AEF51E0F27B68722009A7869 /* ContentView.swift */ = {isa = PBXFileReference; lastKnownFileType = sourcecode.swift; path = ContentView.swift; sourceTree = "<group>"; };
		AEF51E1127B68723009A7869 /* Assets.xcassets */ = {isa = PBXFileReference; lastKnownFileType = folder.assetcatalog; path = Assets.xcassets; sourceTree = "<group>"; };
		AEF51E1427B68723009A7869 /* Preview Assets.xcassets */ = {isa = PBXFileReference; lastKnownFileType = folder.assetcatalog; path = "Preview Assets.xcassets"; sourceTree = "<group>"; };
		AEF51E1A27B68723009A7869 /* LandmarksTests.xctest */ = {isa = PBXFileReference; explicitFileType = wrapper.cfbundle; includeInIndex = 0; path = LandmarksTests.xctest; sourceTree = BUILT_PRODUCTS_DIR; };
		AEF51E1E27B68723009A7869 /* LandmarksTests.swift */ = {isa = PBXFileReference; lastKnownFileType = sourcecode.swift; path = LandmarksTests.swift; sourceTree = "<group>"; };
		AEF51E2427B68723009A7869 /* LandmarksUITests.xctest */ = {isa = PBXFileReference; explicitFileType = wrapper.cfbundle; includeInIndex = 0; path = LandmarksUITests.xctest; sourceTree = BUILT_PRODUCTS_DIR; };
		AEF51E2827B68723009A7869 /* LandmarksUITests.swift */ = {isa = PBXFileReference; lastKnownFileType = sourcecode.swift; path = LandmarksUITests.swift; sourceTree = "<group>"; };
		AEF51E2A27B68723009A7869 /* LandmarksUITestsLaunchTests.swift */ = {isa = PBXFileReference; lastKnownFileType = sourcecode.swift; path = LandmarksUITestsLaunchTests.swift; sourceTree = "<group>"; };
		AEF51E3727B68BDF009A7869 /* CircleImage.swift */ = {isa = PBXFileReference; lastKnownFileType = sourcecode.swift; path = CircleImage.swift; sourceTree = "<group>"; };
		AEF51E3B27B68FA7009A7869 /* MapView.swift */ = {isa = PBXFileReference; lastKnownFileType = sourcecode.swift; path = MapView.swift; sourceTree = "<group>"; };
/* End PBXFileReference section */

/* Begin PBXFrameworksBuildPhase section */
		AEF51E0727B68722009A7869 /* Frameworks */ = {
			isa = PBXFrameworksBuildPhase;
			buildActionMask = 2147483647;
			files = (
			);
			runOnlyForDeploymentPostprocessing = 0;
		};
		AEF51E1727B68723009A7869 /* Frameworks */ = {
			isa = PBXFrameworksBuildPhase;
			buildActionMask = 2147483647;
			files = (
			);
			runOnlyForDeploymentPostprocessing = 0;
		};
		AEF51E2127B68723009A7869 /* Frameworks */ = {
			isa = PBXFrameworksBuildPhase;
			buildActionMask = 2147483647;
			files = (
			);
			runOnlyForDeploymentPostprocessing = 0;
		};
/* End PBXFrameworksBuildPhase section */

/* Begin PBXGroup section */
		AEA39C0A27BA7C4C00D0F70B /* Views */ = {
			isa = PBXGroup;
			children = (
				AEF51E0F27B68722009A7869 /* ContentView.swift */,
				AEA3BC7827BBCD1A0013FA5F /* Landmarks */,
				AEA3BC7727BBCCF60013FA5F /* Helpers */,
			);
			path = Views;
			sourceTree = "<group>";
		};
		AEA39C0B27BA7C5E00D0F70B /* Model */ = {
			isa = PBXGroup;
			children = (
				AEA39C0627BA6EBB00D0F70B /* Landmark.swift */,
				AEA39C0827BA74DB00D0F70B /* ModelData.swift */,
			);
			path = Model;
			sourceTree = "<group>";
		};
		AEA3BC7727BBCCF60013FA5F /* Helpers */ = {
			isa = PBXGroup;
			children = (
				AEA3BC7527BBCAF70013FA5F /* FavoriteButton.swift */,
				AEF51E3727B68BDF009A7869 /* CircleImage.swift */,
				AEF51E3B27B68FA7009A7869 /* MapView.swift */,
			);
			path = Helpers;
			sourceTree = "<group>";
		};
		AEA3BC7827BBCD1A0013FA5F /* Landmarks */ = {
			isa = PBXGroup;
			children = (
				AEA39C0C27BA7EAF00D0F70B /* LandmarkRow.swift */,
				AEA39C0E27BA80BA00D0F70B /* LandmarkList.swift */,
				AEA39C1027BA83B700D0F70B /* LandmarkDetail.swift */,
			);
			path = Landmarks;
			sourceTree = "<group>";
		};
		AEB858C327BBC04900EA2AE3 /* Resources */ = {
			isa = PBXGroup;
			children = (
				AEB858C427BBC04900EA2AE3 /* LICENSE */,
				AEB858C627BBC04900EA2AE3 /* Images */,
				AEB858D227BBC04900EA2AE3 /* landmarkData.json */,
			);
			name = Resources;
			path = ../../SwiftUI_Tutorial_Complete/BuildingListsAndNavigation/Resources;
			sourceTree = "<group>";
		};
		AEB858C427BBC04900EA2AE3 /* LICENSE */ = {
			isa = PBXGroup;
			children = (
				AEB858C527BBC04900EA2AE3 /* LICENSE.txt */,
			);
			path = LICENSE;
			sourceTree = "<group>";
		};
		AEB858C627BBC04900EA2AE3 /* Images */ = {
			isa = PBXGroup;
			children = (
				AEB858C727BBC04900EA2AE3 /* umbagog@2x.jpg */,
				AEB858C827BBC04900EA2AE3 /* twinlake@2x.jpg */,
				AEB858C927BBC04900EA2AE3 /* chincoteague@2x.jpg */,
				AEB858CA27BBC04900EA2AE3 /* lakemcdonald@2x.jpg */,
				AEB858CB27BBC04900EA2AE3 /* silversalmoncreek@2x.jpg */,
				AEB858CC27BBC04900EA2AE3 /* icybay@2x.jpg */,
				AEB858CD27BBC04900EA2AE3 /* hiddenlake@2x.jpg */,
				AEB858CE27BBC04900EA2AE3 /* chilkoottrail@2x.jpg */,
				AEB858CF27BBC04900EA2AE3 /* stmarylake@2x.jpg */,
				AEB858D027BBC04900EA2AE3 /* charleyrivers@2x.jpg */,
				AEB858D127BBC04900EA2AE3 /* rainbowlake@2x.jpg */,
			);
			path = Images;
			sourceTree = "<group>";
		};
		AEF51E0127B68722009A7869 = {
			isa = PBXGroup;
			children = (
				AEF51E0C27B68722009A7869 /* Landmarks */,
				AEF51E1D27B68723009A7869 /* LandmarksTests */,
				AEF51E2727B68723009A7869 /* LandmarksUITests */,
				AEF51E0B27B68722009A7869 /* Products */,
			);
			sourceTree = "<group>";
		};
		AEF51E0B27B68722009A7869 /* Products */ = {
			isa = PBXGroup;
			children = (
				AEF51E0A27B68722009A7869 /* Landmarks.app */,
				AEF51E1A27B68723009A7869 /* LandmarksTests.xctest */,
				AEF51E2427B68723009A7869 /* LandmarksUITests.xctest */,
			);
			name = Products;
			sourceTree = "<group>";
		};
		AEF51E0C27B68722009A7869 /* Landmarks */ = {
			isa = PBXGroup;
			children = (
				AEF51E0D27B68722009A7869 /* LandmarksApp.swift */,
				AEA39C0B27BA7C5E00D0F70B /* Model */,
				AEA39C0A27BA7C4C00D0F70B /* Views */,
				AEB858C327BBC04900EA2AE3 /* Resources */,
				AEF51E1127B68723009A7869 /* Assets.xcassets */,
				AEF51E1327B68723009A7869 /* Preview Content */,
			);
			path = Landmarks;
			sourceTree = "<group>";
		};
		AEF51E1327B68723009A7869 /* Preview Content */ = {
			isa = PBXGroup;
			children = (
				AEF51E1427B68723009A7869 /* Preview Assets.xcassets */,
			);
			path = "Preview Content";
			sourceTree = "<group>";
		};
		AEF51E1D27B68723009A7869 /* LandmarksTests */ = {
			isa = PBXGroup;
			children = (
				AEF51E1E27B68723009A7869 /* LandmarksTests.swift */,
			);
			path = LandmarksTests;
			sourceTree = "<group>";
		};
		AEF51E2727B68723009A7869 /* LandmarksUITests */ = {
			isa = PBXGroup;
			children = (
				AEF51E2827B68723009A7869 /* LandmarksUITests.swift */,
				AEF51E2A27B68723009A7869 /* LandmarksUITestsLaunchTests.swift */,
			);
			path = LandmarksUITests;
			sourceTree = "<group>";
		};
/* End PBXGroup section */

/* Begin PBXNativeTarget section */
		AEF51E0927B68722009A7869 /* Landmarks */ = {
			isa = PBXNativeTarget;
			buildConfigurationList = AEF51E2E27B68723009A7869 /* Build configuration list for PBXNativeTarget "Landmarks" */;
			buildPhases = (
				AEF51E0627B68722009A7869 /* Sources */,
				AEF51E0727B68722009A7869 /* Frameworks */,
				AEF51E0827B68722009A7869 /* Resources */,
			);
			buildRules = (
			);
			dependencies = (
			);
			name = Landmarks;
			productName = Landmarks;
			productReference = AEF51E0A27B68722009A7869 /* Landmarks.app */;
			productType = "com.apple.product-type.application";
		};
		AEF51E1927B68723009A7869 /* LandmarksTests */ = {
			isa = PBXNativeTarget;
			buildConfigurationList = AEF51E3127B68723009A7869 /* Build configuration list for PBXNativeTarget "LandmarksTests" */;
			buildPhases = (
				AEF51E1627B68723009A7869 /* Sources */,
				AEF51E1727B68723009A7869 /* Frameworks */,
				AEF51E1827B68723009A7869 /* Resources */,
			);
			buildRules = (
			);
			dependencies = (
				AEF51E1C27B68723009A7869 /* PBXTargetDependency */,
			);
			name = LandmarksTests;
			productName = LandmarksTests;
			productReference = AEF51E1A27B68723009A7869 /* LandmarksTests.xctest */;
			productType = "com.apple.product-type.bundle.unit-test";
		};
		AEF51E2327B68723009A7869 /* LandmarksUITests */ = {
			isa = PBXNativeTarget;
			buildConfigurationList = AEF51E3427B68723009A7869 /* Build configuration list for PBXNativeTarget "LandmarksUITests" */;
			buildPhases = (
				AEF51E2027B68723009A7869 /* Sources */,
				AEF51E2127B68723009A7869 /* Frameworks */,
				AEF51E2227B68723009A7869 /* Resources */,
			);
			buildRules = (
			);
			dependencies = (
				AEF51E2627B68723009A7869 /* PBXTargetDependency */,
			);
			name = LandmarksUITests;
			productName = LandmarksUITests;
			productReference = AEF51E2427B68723009A7869 /* LandmarksUITests.xctest */;
			productType = "com.apple.product-type.bundle.ui-testing";
		};
/* End PBXNativeTarget section */

/* Begin PBXProject section */
		AEF51E0227B68722009A7869 /* Project object */ = {
			isa = PBXProject;
			attributes = {
				BuildIndependentTargetsInParallel = 1;
				LastSwiftUpdateCheck = 1320;
				LastUpgradeCheck = 1320;
				TargetAttributes = {
					AEF51E0927B68722009A7869 = {
						CreatedOnToolsVersion = 13.2.1;
					};
					AEF51E1927B68723009A7869 = {
						CreatedOnToolsVersion = 13.2.1;
						TestTargetID = AEF51E0927B68722009A7869;
					};
					AEF51E2327B68723009A7869 = {
						CreatedOnToolsVersion = 13.2.1;
						TestTargetID = AEF51E0927B68722009A7869;
					};
				};
			};
			buildConfigurationList = AEF51E0527B68722009A7869 /* Build configuration list for PBXProject "Landmarks" */;
			compatibilityVersion = "Xcode 13.0";
			developmentRegion = en;
			hasScannedForEncodings = 0;
			knownRegions = (
				en,
				Base,
			);
			mainGroup = AEF51E0127B68722009A7869;
			productRefGroup = AEF51E0B27B68722009A7869 /* Products */;
			projectDirPath = "";
			projectRoot = "";
			targets = (
				AEF51E0927B68722009A7869 /* Landmarks */,
				AEF51E1927B68723009A7869 /* LandmarksTests */,
				AEF51E2327B68723009A7869 /* LandmarksUITests */,
			);
		};
/* End PBXProject section */

/* Begin PBXResourcesBuildPhase section */
		AEF51E0827B68722009A7869 /* Resources */ = {
			isa = PBXResourcesBuildPhase;
			buildActionMask = 2147483647;
			files = (
				AEB858DD27BBC04900EA2AE3 /* charleyrivers@2x.jpg in Resources */,
				AEB858D327BBC04900EA2AE3 /* LICENSE.txt in Resources */,
				AEB858DA27BBC04900EA2AE3 /* hiddenlake@2x.jpg in Resources */,
				AEB858D427BBC04900EA2AE3 /* umbagog@2x.jpg in Resources */,
				AEB858DE27BBC04900EA2AE3 /* rainbowlake@2x.jpg in Resources */,
				AEB858D927BBC04900EA2AE3 /* icybay@2x.jpg in Resources */,
				AEB858D827BBC04900EA2AE3 /* silversalmoncreek@2x.jpg in Resources */,
				AEF51E1527B68723009A7869 /* Preview Assets.xcassets in Resources */,
				AEB858DF27BBC04900EA2AE3 /* landmarkData.json in Resources */,
				AEB858D527BBC04900EA2AE3 /* twinlake@2x.jpg in Resources */,
				AEB858DC27BBC04900EA2AE3 /* stmarylake@2x.jpg in Resources */,
				AEB858D727BBC04900EA2AE3 /* lakemcdonald@2x.jpg in Resources */,
				AEB858DB27BBC04900EA2AE3 /* chilkoottrail@2x.jpg in Resources */,
				AEF51E1227B68723009A7869 /* Assets.xcassets in Resources */,
				AEB858D627BBC04900EA2AE3 /* chincoteague@2x.jpg in Resources */,
			);
			runOnlyForDeploymentPostprocessing = 0;
		};
		AEF51E1827B68723009A7869 /* Resources */ = {
			isa = PBXResourcesBuildPhase;
			buildActionMask = 2147483647;
			files = (
			);
			runOnlyForDeploymentPostprocessing = 0;
		};
		AEF51E2227B68723009A7869 /* Resources */ = {
			isa = PBXResourcesBuildPhase;
			buildActionMask = 2147483647;
			files = (
			);
			runOnlyForDeploymentPostprocessing = 0;
		};
/* End PBXResourcesBuildPhase section */

/* Begin PBXSourcesBuildPhase section */
		AEF51E0627B68722009A7869 /* Sources */ = {
			isa = PBXSourcesBuildPhase;
			buildActionMask = 2147483647;
			files = (
				AEF51E1027B68722009A7869 /* ContentView.swift in Sources */,
				AEF51E3C27B68FA7009A7869 /* MapView.swift in Sources */,
				AEF51E0E27B68722009A7869 /* LandmarksApp.swift in Sources */,
				AEA3BC7627BBCAF70013FA5F /* FavoriteButton.swift in Sources */,
				AEA39C0F27BA80BA00D0F70B /* LandmarkList.swift in Sources */,
				AEA39C1127BA83B700D0F70B /* LandmarkDetail.swift in Sources */,
				AEF51E3827B68BDF009A7869 /* CircleImage.swift in Sources */,
				AEA39C0727BA6EBB00D0F70B /* Landmark.swift in Sources */,
				AEA39C0D27BA7EAF00D0F70B /* LandmarkRow.swift in Sources */,
				AEA39C0927BA74DB00D0F70B /* ModelData.swift in Sources */,
			);
			runOnlyForDeploymentPostprocessing = 0;
		};
		AEF51E1627B68723009A7869 /* Sources */ = {
			isa = PBXSourcesBuildPhase;
			buildActionMask = 2147483647;
			files = (
				AEF51E1F27B68723009A7869 /* LandmarksTests.swift in Sources */,
			);
			runOnlyForDeploymentPostprocessing = 0;
		};
		AEF51E2027B68723009A7869 /* Sources */ = {
			isa = PBXSourcesBuildPhase;
			buildActionMask = 2147483647;
			files = (
				AEF51E2B27B68723009A7869 /* LandmarksUITestsLaunchTests.swift in Sources */,
				AEF51E2927B68723009A7869 /* LandmarksUITests.swift in Sources */,
			);
			runOnlyForDeploymentPostprocessing = 0;
		};
/* End PBXSourcesBuildPhase section */

/* Begin PBXTargetDependency section */
		AEF51E1C27B68723009A7869 /* PBXTargetDependency */ = {
			isa = PBXTargetDependency;
			target = AEF51E0927B68722009A7869 /* Landmarks */;
			targetProxy = AEF51E1B27B68723009A7869 /* PBXContainerItemProxy */;
		};
		AEF51E2627B68723009A7869 /* PBXTargetDependency */ = {
			isa = PBXTargetDependency;
			target = AEF51E0927B68722009A7869 /* Landmarks */;
			targetProxy = AEF51E2527B68723009A7869 /* PBXContainerItemProxy */;
		};
/* End PBXTargetDependency section */

/* Begin XCBuildConfiguration section */
		AEF51E2C27B68723009A7869 /* Debug */ = {
			isa = XCBuildConfiguration;
			buildSettings = {
				ALWAYS_SEARCH_USER_PATHS = NO;
				CLANG_ANALYZER_NONNULL = YES;
				CLANG_ANALYZER_NUMBER_OBJECT_CONVERSION = YES_AGGRESSIVE;
				CLANG_CXX_LANGUAGE_STANDARD = "gnu++17";
				CLANG_CXX_LIBRARY = "libc++";
				CLANG_ENABLE_MODULES = YES;
				CLANG_ENABLE_OBJC_ARC = YES;
				CLANG_ENABLE_OBJC_WEAK = YES;
				CLANG_WARN_BLOCK_CAPTURE_AUTORELEASING = YES;
				CLANG_WARN_BOOL_CONVERSION = YES;
				CLANG_WARN_COMMA = YES;
				CLANG_WARN_CONSTANT_CONVERSION = YES;
				CLANG_WARN_DEPRECATED_OBJC_IMPLEMENTATIONS = YES;
				CLANG_WARN_DIRECT_OBJC_ISA_USAGE = YES_ERROR;
				CLANG_WARN_DOCUMENTATION_COMMENTS = YES;
				CLANG_WARN_EMPTY_BODY = YES;
				CLANG_WARN_ENUM_CONVERSION = YES;
				CLANG_WARN_INFINITE_RECURSION = YES;
				CLANG_WARN_INT_CONVERSION = YES;
				CLANG_WARN_NON_LITERAL_NULL_CONVERSION = YES;
				CLANG_WARN_OBJC_IMPLICIT_RETAIN_SELF = YES;
				CLANG_WARN_OBJC_LITERAL_CONVERSION = YES;
				CLANG_WARN_OBJC_ROOT_CLASS = YES_ERROR;
				CLANG_WARN_QUOTED_INCLUDE_IN_FRAMEWORK_HEADER = YES;
				CLANG_WARN_RANGE_LOOP_ANALYSIS = YES;
				CLANG_WARN_STRICT_PROTOTYPES = YES;
				CLANG_WARN_SUSPICIOUS_MOVE = YES;
				CLANG_WARN_UNGUARDED_AVAILABILITY = YES_AGGRESSIVE;
				CLANG_WARN_UNREACHABLE_CODE = YES;
				CLANG_WARN__DUPLICATE_METHOD_MATCH = YES;
				COPY_PHASE_STRIP = NO;
				DEBUG_INFORMATION_FORMAT = dwarf;
				ENABLE_STRICT_OBJC_MSGSEND = YES;
				ENABLE_TESTABILITY = YES;
				GCC_C_LANGUAGE_STANDARD = gnu11;
				GCC_DYNAMIC_NO_PIC = NO;
				GCC_NO_COMMON_BLOCKS = YES;
				GCC_OPTIMIZATION_LEVEL = 0;
				GCC_PREPROCESSOR_DEFINITIONS = (
					"DEBUG=1",
					"$(inherited)",
				);
				GCC_WARN_64_TO_32_BIT_CONVERSION = YES;
				GCC_WARN_ABOUT_RETURN_TYPE = YES_ERROR;
				GCC_WARN_UNDECLARED_SELECTOR = YES;
				GCC_WARN_UNINITIALIZED_AUTOS = YES_AGGRESSIVE;
				GCC_WARN_UNUSED_FUNCTION = YES;
				GCC_WARN_UNUSED_VARIABLE = YES;
				IPHONEOS_DEPLOYMENT_TARGET = 15.2;
				MTL_ENABLE_DEBUG_INFO = INCLUDE_SOURCE;
				MTL_FAST_MATH = YES;
				ONLY_ACTIVE_ARCH = YES;
				SDKROOT = iphoneos;
				SWIFT_ACTIVE_COMPILATION_CONDITIONS = DEBUG;
				SWIFT_OPTIMIZATION_LEVEL = "-Onone";
			};
			name = Debug;
		};
		AEF51E2D27B68723009A7869 /* Release */ = {
			isa = XCBuildConfiguration;
			buildSettings = {
				ALWAYS_SEARCH_USER_PATHS = NO;
				CLANG_ANALYZER_NONNULL = YES;
				CLANG_ANALYZER_NUMBER_OBJECT_CONVERSION = YES_AGGRESSIVE;
				CLANG_CXX_LANGUAGE_STANDARD = "gnu++17";
				CLANG_CXX_LIBRARY = "libc++";
				CLANG_ENABLE_MODULES = YES;
				CLANG_ENABLE_OBJC_ARC = YES;
				CLANG_ENABLE_OBJC_WEAK = YES;
				CLANG_WARN_BLOCK_CAPTURE_AUTORELEASING = YES;
				CLANG_WARN_BOOL_CONVERSION = YES;
				CLANG_WARN_COMMA = YES;
				CLANG_WARN_CONSTANT_CONVERSION = YES;
				CLANG_WARN_DEPRECATED_OBJC_IMPLEMENTATIONS = YES;
				CLANG_WARN_DIRECT_OBJC_ISA_USAGE = YES_ERROR;
				CLANG_WARN_DOCUMENTATION_COMMENTS = YES;
				CLANG_WARN_EMPTY_BODY = YES;
				CLANG_WARN_ENUM_CONVERSION = YES;
				CLANG_WARN_INFINITE_RECURSION = YES;
				CLANG_WARN_INT_CONVERSION = YES;
				CLANG_WARN_NON_LITERAL_NULL_CONVERSION = YES;
				CLANG_WARN_OBJC_IMPLICIT_RETAIN_SELF = YES;
				CLANG_WARN_OBJC_LITERAL_CONVERSION = YES;
				CLANG_WARN_OBJC_ROOT_CLASS = YES_ERROR;
				CLANG_WARN_QUOTED_INCLUDE_IN_FRAMEWORK_HEADER = YES;
				CLANG_WARN_RANGE_LOOP_ANALYSIS = YES;
				CLANG_WARN_STRICT_PROTOTYPES = YES;
				CLANG_WARN_SUSPICIOUS_MOVE = YES;
				CLANG_WARN_UNGUARDED_AVAILABILITY = YES_AGGRESSIVE;
				CLANG_WARN_UNREACHABLE_CODE = YES;
				CLANG_WARN__DUPLICATE_METHOD_MATCH = YES;
				COPY_PHASE_STRIP = NO;
				DEBUG_INFORMATION_FORMAT = "dwarf-with-dsym";
				ENABLE_NS_ASSERTIONS = NO;
				ENABLE_STRICT_OBJC_MSGSEND = YES;
				GCC_C_LANGUAGE_STANDARD = gnu11;
				GCC_NO_COMMON_BLOCKS = YES;
				GCC_WARN_64_TO_32_BIT_CONVERSION = YES;
				GCC_WARN_ABOUT_RETURN_TYPE = YES_ERROR;
				GCC_WARN_UNDECLARED_SELECTOR = YES;
				GCC_WARN_UNINITIALIZED_AUTOS = YES_AGGRESSIVE;
				GCC_WARN_UNUSED_FUNCTION = YES;
				GCC_WARN_UNUSED_VARIABLE = YES;
				IPHONEOS_DEPLOYMENT_TARGET = 15.2;
				MTL_ENABLE_DEBUG_INFO = NO;
				MTL_FAST_MATH = YES;
				SDKROOT = iphoneos;
				SWIFT_COMPILATION_MODE = wholemodule;
				SWIFT_OPTIMIZATION_LEVEL = "-O";
				VALIDATE_PRODUCT = YES;
			};
			name = Release;
		};
		AEF51E2F27B68723009A7869 /* Debug */ = {
			isa = XCBuildConfiguration;
			buildSettings = {
				ASSETCATALOG_COMPILER_APPICON_NAME = AppIcon;
				ASSETCATALOG_COMPILER_GLOBAL_ACCENT_COLOR_NAME = AccentColor;
				CODE_SIGN_STYLE = Automatic;
				CURRENT_PROJECT_VERSION = 1;
				DEVELOPMENT_ASSET_PATHS = "\"Landmarks/Preview Content\"";
				ENABLE_PREVIEWS = YES;
				GENERATE_INFOPLIST_FILE = YES;
				INFOPLIST_KEY_UIApplicationSceneManifest_Generation = YES;
				INFOPLIST_KEY_UIApplicationSupportsIndirectInputEvents = YES;
				INFOPLIST_KEY_UILaunchScreen_Generation = YES;
				INFOPLIST_KEY_UISupportedInterfaceOrientations_iPad = "UIInterfaceOrientationPortrait UIInterfaceOrientationPortraitUpsideDown UIInterfaceOrientationLandscapeLeft UIInterfaceOrientationLandscapeRight";
				INFOPLIST_KEY_UISupportedInterfaceOrientations_iPhone = "UIInterfaceOrientationPortrait UIInterfaceOrientationLandscapeLeft UIInterfaceOrientationLandscapeRight";
				LD_RUNPATH_SEARCH_PATHS = (
					"$(inherited)",
					"@executable_path/Frameworks",
				);
				MARKETING_VERSION = 1.0;
				PRODUCT_BUNDLE_IDENTIFIER = test.Landmarks;
				PRODUCT_NAME = "$(TARGET_NAME)";
				SWIFT_EMIT_LOC_STRINGS = YES;
				SWIFT_VERSION = 5.0;
				TARGETED_DEVICE_FAMILY = "1,2";
			};
			name = Debug;
		};
		AEF51E3027B68723009A7869 /* Release */ = {
			isa = XCBuildConfiguration;
			buildSettings = {
				ASSETCATALOG_COMPILER_APPICON_NAME = AppIcon;
				ASSETCATALOG_COMPILER_GLOBAL_ACCENT_COLOR_NAME = AccentColor;
				CODE_SIGN_STYLE = Automatic;
				CURRENT_PROJECT_VERSION = 1;
				DEVELOPMENT_ASSET_PATHS = "\"Landmarks/Preview Content\"";
				ENABLE_PREVIEWS = YES;
				GENERATE_INFOPLIST_FILE = YES;
				INFOPLIST_KEY_UIApplicationSceneManifest_Generation = YES;
				INFOPLIST_KEY_UIApplicationSupportsIndirectInputEvents = YES;
				INFOPLIST_KEY_UILaunchScreen_Generation = YES;
				INFOPLIST_KEY_UISupportedInterfaceOrientations_iPad = "UIInterfaceOrientationPortrait UIInterfaceOrientationPortraitUpsideDown UIInterfaceOrientationLandscapeLeft UIInterfaceOrientationLandscapeRight";
				INFOPLIST_KEY_UISupportedInterfaceOrientations_iPhone = "UIInterfaceOrientationPortrait UIInterfaceOrientationLandscapeLeft UIInterfaceOrientationLandscapeRight";
				LD_RUNPATH_SEARCH_PATHS = (
					"$(inherited)",
					"@executable_path/Frameworks",
				);
				MARKETING_VERSION = 1.0;
				PRODUCT_BUNDLE_IDENTIFIER = test.Landmarks;
				PRODUCT_NAME = "$(TARGET_NAME)";
				SWIFT_EMIT_LOC_STRINGS = YES;
				SWIFT_VERSION = 5.0;
				TARGETED_DEVICE_FAMILY = "1,2";
			};
			name = Release;
		};
		AEF51E3227B68723009A7869 /* Debug */ = {
			isa = XCBuildConfiguration;
			buildSettings = {
				ALWAYS_EMBED_SWIFT_STANDARD_LIBRARIES = YES;
				BUNDLE_LOADER = "$(TEST_HOST)";
				CODE_SIGN_STYLE = Automatic;
				CURRENT_PROJECT_VERSION = 1;
				GENERATE_INFOPLIST_FILE = YES;
				IPHONEOS_DEPLOYMENT_TARGET = 15.2;
				MARKETING_VERSION = 1.0;
				PRODUCT_BUNDLE_IDENTIFIER = test.LandmarksTests;
				PRODUCT_NAME = "$(TARGET_NAME)";
				SWIFT_EMIT_LOC_STRINGS = NO;
				SWIFT_VERSION = 5.0;
				TARGETED_DEVICE_FAMILY = "1,2";
				TEST_HOST = "$(BUILT_PRODUCTS_DIR)/Landmarks.app/Landmarks";
			};
			name = Debug;
		};
		AEF51E3327B68723009A7869 /* Release */ = {
			isa = XCBuildConfiguration;
			buildSettings = {
				ALWAYS_EMBED_SWIFT_STANDARD_LIBRARIES = YES;
				BUNDLE_LOADER = "$(TEST_HOST)";
				CODE_SIGN_STYLE = Automatic;
				CURRENT_PROJECT_VERSION = 1;
				GENERATE_INFOPLIST_FILE = YES;
				IPHONEOS_DEPLOYMENT_TARGET = 15.2;
				MARKETING_VERSION = 1.0;
				PRODUCT_BUNDLE_IDENTIFIER = test.LandmarksTests;
				PRODUCT_NAME = "$(TARGET_NAME)";
				SWIFT_EMIT_LOC_STRINGS = NO;
				SWIFT_VERSION = 5.0;
				TARGETED_DEVICE_FAMILY = "1,2";
				TEST_HOST = "$(BUILT_PRODUCTS_DIR)/Landmarks.app/Landmarks";
			};
			name = Release;
		};
		AEF51E3527B68723009A7869 /* Debug */ = {
			isa = XCBuildConfiguration;
			buildSettings = {
				ALWAYS_EMBED_SWIFT_STANDARD_LIBRARIES = YES;
				CODE_SIGN_STYLE = Automatic;
				CURRENT_PROJECT_VERSION = 1;
				GENERATE_INFOPLIST_FILE = YES;
				MARKETING_VERSION = 1.0;
				PRODUCT_BUNDLE_IDENTIFIER = test.LandmarksUITests;
				PRODUCT_NAME = "$(TARGET_NAME)";
				SWIFT_EMIT_LOC_STRINGS = NO;
				SWIFT_VERSION = 5.0;
				TARGETED_DEVICE_FAMILY = "1,2";
				TEST_TARGET_NAME = Landmarks;
			};
			name = Debug;
		};
		AEF51E3627B68723009A7869 /* Release */ = {
			isa = XCBuildConfiguration;
			buildSettings = {
				ALWAYS_EMBED_SWIFT_STANDARD_LIBRARIES = YES;
				CODE_SIGN_STYLE = Automatic;
				CURRENT_PROJECT_VERSION = 1;
				GENERATE_INFOPLIST_FILE = YES;
				MARKETING_VERSION = 1.0;
				PRODUCT_BUNDLE_IDENTIFIER = test.LandmarksUITests;
				PRODUCT_NAME = "$(TARGET_NAME)";
				SWIFT_EMIT_LOC_STRINGS = NO;
				SWIFT_VERSION = 5.0;
				TARGETED_DEVICE_FAMILY = "1,2";
				TEST_TARGET_NAME = Landmarks;
			};
			name = Release;
		};
/* End XCBuildConfiguration section */

/* Begin XCConfigurationList section */
		AEF51E0527B68722009A7869 /* Build configuration list for PBXProject "Landmarks" */ = {
			isa = XCConfigurationList;
			buildConfigurations = (
				AEF51E2C27B68723009A7869 /* Debug */,
				AEF51E2D27B68723009A7869 /* Release */,
			);
			defaultConfigurationIsVisible = 0;
			defaultConfigurationName = Release;
		};
		AEF51E2E27B68723009A7869 /* Build configuration list for PBXNativeTarget "Landmarks" */ = {
			isa = XCConfigurationList;
			buildConfigurations = (
				AEF51E2F27B68723009A7869 /* Debug */,
				AEF51E3027B68723009A7869 /* Release */,
			);
			defaultConfigurationIsVisible = 0;
			defaultConfigurationName = Release;
		};
		AEF51E3127B68723009A7869 /* Build configuration list for PBXNativeTarget "LandmarksTests" */ = {
			isa = XCConfigurationList;
			buildConfigurations = (
				AEF51E3227B68723009A7869 /* Debug */,
				AEF51E3327B68723009A7869 /* Release */,
			);
			defaultConfigurationIsVisible = 0;
			defaultConfigurationName = Release;
		};
		AEF51E3427B68723009A7869 /* Build configuration list for PBXNativeTarget "LandmarksUITests" */ = {
			isa = XCConfigurationList;
			buildConfigurations = (
				AEF51E3527B68723009A7869 /* Debug */,
				AEF51E3627B68723009A7869 /* Release */,
			);
			defaultConfigurationIsVisible = 0;
			defaultConfigurationName = Release;
		};
/* End XCConfigurationList section */
	};
	rootObject = AEF51E0227B68722009A7869 /* Project object */;
}
