// !$*UTF8*$!
{
	archiveVersion = 1;
	classes = {
	};
	objectVersion = 55;
	objects = {

/* Begin PBXBuildFile section */
		AE5C123027F0422900832CD8 /* debugleaktests.swift in Sources */ = {isa = PBXBuildFile; fileRef = AE5C122F27F0422900832CD8 /* debugleaktests.swift */; };
		AE5C123127F045AD00832CD8 /* Pods_debug_text.framework in Frameworks */ = {isa = PBXBuildFile; fileRef = 43DC53EB0DB8229870EBD625 /* Pods_debug_text.framework */; };
		AE5C123227F045AD00832CD8 /* Pods_debug_text.framework in Embed Frameworks */ = {isa = PBXBuildFile; fileRef = 43DC53EB0DB8229870EBD625 /* Pods_debug_text.framework */; settings = {ATTRIBUTES = (CodeSignOnCopy, RemoveHeadersOnCopy, ); }; };
		AED6CC0E27EE182900818897 /* AppDelegate.swift in Sources */ = {isa = PBXBuildFile; fileRef = AED6CC0D27EE182900818897 /* AppDelegate.swift */; };
		AED6CC1027EE182900818897 /* SceneDelegate.swift in Sources */ = {isa = PBXBuildFile; fileRef = AED6CC0F27EE182900818897 /* SceneDelegate.swift */; };
		AED6CC1227EE182900818897 /* ViewController.swift in Sources */ = {isa = PBXBuildFile; fileRef = AED6CC1127EE182900818897 /* ViewController.swift */; };
		AED6CC1527EE182900818897 /* Main.storyboard in Resources */ = {isa = PBXBuildFile; fileRef = AED6CC1327EE182900818897 /* Main.storyboard */; };
		AED6CC1727EE182A00818897 /* Assets.xcassets in Resources */ = {isa = PBXBuildFile; fileRef = AED6CC1627EE182A00818897 /* Assets.xcassets */; };
		AED6CC1A27EE182A00818897 /* LaunchScreen.storyboard in Resources */ = {isa = PBXBuildFile; fileRef = AED6CC1827EE182A00818897 /* LaunchScreen.storyboard */; };
/* End PBXBuildFile section */

/* Begin PBXCopyFilesBuildPhase section */
		AE5C123327F045AD00832CD8 /* Embed Frameworks */ = {
			isa = PBXCopyFilesBuildPhase;
			buildActionMask = 2147483647;
			dstPath = "";
			dstSubfolderSpec = 10;
			files = (
				AE5C123227F045AD00832CD8 /* Pods_debug_text.framework in Embed Frameworks */,
			);
			name = "Embed Frameworks";
			runOnlyForDeploymentPostprocessing = 0;
		};
/* End PBXCopyFilesBuildPhase section */

/* Begin PBXFileReference section */
		43DC53EB0DB8229870EBD625 /* Pods_debug_text.framework */ = {isa = PBXFileReference; explicitFileType = wrapper.framework; includeInIndex = 0; path = Pods_debug_text.framework; sourceTree = BUILT_PRODUCTS_DIR; };
		AE5C122F27F0422900832CD8 /* debugleaktests.swift */ = {isa = PBXFileReference; lastKnownFileType = sourcecode.swift; path = debugleaktests.swift; sourceTree = "<group>"; };
		AED6CC0A27EE182900818897 /* debug_text.app */ = {isa = PBXFileReference; explicitFileType = wrapper.application; includeInIndex = 0; path = debug_text.app; sourceTree = BUILT_PRODUCTS_DIR; };
		AED6CC0D27EE182900818897 /* AppDelegate.swift */ = {isa = PBXFileReference; lastKnownFileType = sourcecode.swift; path = AppDelegate.swift; sourceTree = "<group>"; };
		AED6CC0F27EE182900818897 /* SceneDelegate.swift */ = {isa = PBXFileReference; lastKnownFileType = sourcecode.swift; path = SceneDelegate.swift; sourceTree = "<group>"; };
		AED6CC1127EE182900818897 /* ViewController.swift */ = {isa = PBXFileReference; lastKnownFileType = sourcecode.swift; path = ViewController.swift; sourceTree = "<group>"; };
		AED6CC1427EE182900818897 /* Base */ = {isa = PBXFileReference; lastKnownFileType = file.storyboard; name = Base; path = Base.lproj/Main.storyboard; sourceTree = "<group>"; };
		AED6CC1627EE182A00818897 /* Assets.xcassets */ = {isa = PBXFileReference; lastKnownFileType = folder.assetcatalog; path = Assets.xcassets; sourceTree = "<group>"; };
		AED6CC1927EE182A00818897 /* Base */ = {isa = PBXFileReference; lastKnownFileType = file.storyboard; name = Base; path = Base.lproj/LaunchScreen.storyboard; sourceTree = "<group>"; };
		AED6CC1B27EE182A00818897 /* Info.plist */ = {isa = PBXFileReference; lastKnownFileType = text.plist.xml; path = Info.plist; sourceTree = "<group>"; };
		B5D284C26A68F5D02FAED1E9 /* Pods-debug_text.debug.xcconfig */ = {isa = PBXFileReference; includeInIndex = 1; lastKnownFileType = text.xcconfig; name = "Pods-debug_text.debug.xcconfig"; path = "Target Support Files/Pods-debug_text/Pods-debug_text.debug.xcconfig"; sourceTree = "<group>"; };
		FCBF567B3EE80C2040AA33BF /* Pods-debug_text.release.xcconfig */ = {isa = PBXFileReference; includeInIndex = 1; lastKnownFileType = text.xcconfig; name = "Pods-debug_text.release.xcconfig"; path = "Target Support Files/Pods-debug_text/Pods-debug_text.release.xcconfig"; sourceTree = "<group>"; };
/* End PBXFileReference section */

/* Begin PBXFrameworksBuildPhase section */
		AED6CC0727EE182900818897 /* Frameworks */ = {
			isa = PBXFrameworksBuildPhase;
			buildActionMask = 2147483647;
			files = (
				AE5C123127F045AD00832CD8 /* Pods_debug_text.framework in Frameworks */,
			);
			runOnlyForDeploymentPostprocessing = 0;
		};
/* End PBXFrameworksBuildPhase section */

/* Begin PBXGroup section */
		647375F94F628C86A16984D0 /* Pods */ = {
			isa = PBXGroup;
			children = (
				B5D284C26A68F5D02FAED1E9 /* Pods-debug_text.debug.xcconfig */,
				FCBF567B3EE80C2040AA33BF /* Pods-debug_text.release.xcconfig */,
			);
			path = Pods;
			sourceTree = "<group>";
		};
		AE5C122E27F0420600832CD8 /* debugleaktests */ = {
			isa = PBXGroup;
			children = (
				AE5C122F27F0422900832CD8 /* debugleaktests.swift */,
			);
			path = debugleaktests;
			sourceTree = "<group>";
		};
		AED6CC0127EE182900818897 = {
			isa = PBXGroup;
			children = (
				AE5C122E27F0420600832CD8 /* debugleaktests */,
				AED6CC0C27EE182900818897 /* debug_text */,
				AED6CC0B27EE182900818897 /* Products */,
				647375F94F628C86A16984D0 /* Pods */,
				E9CCD0ED3BADCB48E147E597 /* Frameworks */,
			);
			sourceTree = "<group>";
		};
		AED6CC0B27EE182900818897 /* Products */ = {
			isa = PBXGroup;
			children = (
				AED6CC0A27EE182900818897 /* debug_text.app */,
			);
			name = Products;
			sourceTree = "<group>";
		};
		AED6CC0C27EE182900818897 /* debug_text */ = {
			isa = PBXGroup;
			children = (
				AED6CC0D27EE182900818897 /* AppDelegate.swift */,
				AED6CC0F27EE182900818897 /* SceneDelegate.swift */,
				AED6CC1127EE182900818897 /* ViewController.swift */,
				AED6CC1327EE182900818897 /* Main.storyboard */,
				AED6CC1627EE182A00818897 /* Assets.xcassets */,
				AED6CC1827EE182A00818897 /* LaunchScreen.storyboard */,
				AED6CC1B27EE182A00818897 /* Info.plist */,
			);
			path = debug_text;
			sourceTree = "<group>";
		};
		E9CCD0ED3BADCB48E147E597 /* Frameworks */ = {
			isa = PBXGroup;
			children = (
				43DC53EB0DB8229870EBD625 /* Pods_debug_text.framework */,
			);
			name = Frameworks;
			sourceTree = "<group>";
		};
/* End PBXGroup section */

/* Begin PBXNativeTarget section */
		AED6CC0927EE182900818897 /* debug_text */ = {
			isa = PBXNativeTarget;
			buildConfigurationList = AED6CC1E27EE182A00818897 /* Build configuration list for PBXNativeTarget "debug_text" */;
			buildPhases = (
				85CF6A1AD4033A04B703B19F /* [CP] Check Pods Manifest.lock */,
				AED6CC0627EE182900818897 /* Sources */,
				AED6CC0727EE182900818897 /* Frameworks */,
				AED6CC0827EE182900818897 /* Resources */,
				6E1F99E0F8782170E7DECA5F /* [CP] Embed Pods Frameworks */,
				AE5C123327F045AD00832CD8 /* Embed Frameworks */,
			);
			buildRules = (
			);
			dependencies = (
			);
			name = debug_text;
			productName = debug_text;
			productReference = AED6CC0A27EE182900818897 /* debug_text.app */;
			productType = "com.apple.product-type.application";
		};
/* End PBXNativeTarget section */

/* Begin PBXProject section */
		AED6CC0227EE182900818897 /* Project object */ = {
			isa = PBXProject;
			attributes = {
				BuildIndependentTargetsInParallel = 1;
				LastSwiftUpdateCheck = 1330;
				LastUpgradeCheck = 1330;
				TargetAttributes = {
					AED6CC0927EE182900818897 = {
						CreatedOnToolsVersion = 13.3;
					};
				};
			};
			buildConfigurationList = AED6CC0527EE182900818897 /* Build configuration list for PBXProject "debug_text" */;
			compatibilityVersion = "Xcode 13.0";
			developmentRegion = en;
			hasScannedForEncodings = 0;
			knownRegions = (
				en,
				Base,
			);
			mainGroup = AED6CC0127EE182900818897;
			productRefGroup = AED6CC0B27EE182900818897 /* Products */;
			projectDirPath = "";
			projectRoot = "";
			targets = (
				AED6CC0927EE182900818897 /* debug_text */,
			);
		};
/* End PBXProject section */

/* Begin PBXResourcesBuildPhase section */
		AED6CC0827EE182900818897 /* Resources */ = {
			isa = PBXResourcesBuildPhase;
			buildActionMask = 2147483647;
			files = (
				AED6CC1A27EE182A00818897 /* LaunchScreen.storyboard in Resources */,
				AED6CC1727EE182A00818897 /* Assets.xcassets in Resources */,
				AED6CC1527EE182900818897 /* Main.storyboard in Resources */,
			);
			runOnlyForDeploymentPostprocessing = 0;
		};
/* End PBXResourcesBuildPhase section */

/* Begin PBXShellScriptBuildPhase section */
		6E1F99E0F8782170E7DECA5F /* [CP] Embed Pods Frameworks */ = {
			isa = PBXShellScriptBuildPhase;
			buildActionMask = 2147483647;
			files = (
			);
			inputFileListPaths = (
				"${PODS_ROOT}/Target Support Files/Pods-debug_text/Pods-debug_text-frameworks-${CONFIGURATION}-input-files.xcfilelist",
			);
			name = "[CP] Embed Pods Frameworks";
			outputFileListPaths = (
				"${PODS_ROOT}/Target Support Files/Pods-debug_text/Pods-debug_text-frameworks-${CONFIGURATION}-output-files.xcfilelist",
			);
			runOnlyForDeploymentPostprocessing = 0;
			shellPath = /bin/sh;
			shellScript = "\"${PODS_ROOT}/Target Support Files/Pods-debug_text/Pods-debug_text-frameworks.sh\"\n";
			showEnvVarsInLog = 0;
		};
		85CF6A1AD4033A04B703B19F /* [CP] Check Pods Manifest.lock */ = {
			isa = PBXShellScriptBuildPhase;
			buildActionMask = 2147483647;
			files = (
			);
			inputFileListPaths = (
			);
			inputPaths = (
				"${PODS_PODFILE_DIR_PATH}/Podfile.lock",
				"${PODS_ROOT}/Manifest.lock",
			);
			name = "[CP] Check Pods Manifest.lock";
			outputFileListPaths = (
			);
			outputPaths = (
				"$(DERIVED_FILE_DIR)/Pods-debug_text-checkManifestLockResult.txt",
			);
			runOnlyForDeploymentPostprocessing = 0;
			shellPath = /bin/sh;
			shellScript = "diff \"${PODS_PODFILE_DIR_PATH}/Podfile.lock\" \"${PODS_ROOT}/Manifest.lock\" > /dev/null\nif [ $? != 0 ] ; then\n    # print error to STDERR\n    echo \"error: The sandbox is not in sync with the Podfile.lock. Run 'pod install' or update your CocoaPods installation.\" >&2\n    exit 1\nfi\n# This output is used by Xcode 'outputs' to avoid re-running this script phase.\necho \"SUCCESS\" > \"${SCRIPT_OUTPUT_FILE_0}\"\n";
			showEnvVarsInLog = 0;
		};
/* End PBXShellScriptBuildPhase section */

/* Begin PBXSourcesBuildPhase section */
		AED6CC0627EE182900818897 /* Sources */ = {
			isa = PBXSourcesBuildPhase;
			buildActionMask = 2147483647;
			files = (
				AED6CC1227EE182900818897 /* ViewController.swift in Sources */,
				AED6CC0E27EE182900818897 /* AppDelegate.swift in Sources */,
				AE5C123027F0422900832CD8 /* debugleaktests.swift in Sources */,
				AED6CC1027EE182900818897 /* SceneDelegate.swift in Sources */,
			);
			runOnlyForDeploymentPostprocessing = 0;
		};
/* End PBXSourcesBuildPhase section */

/* Begin PBXVariantGroup section */
		AED6CC1327EE182900818897 /* Main.storyboard */ = {
			isa = PBXVariantGroup;
			children = (
				AED6CC1427EE182900818897 /* Base */,
			);
			name = Main.storyboard;
			sourceTree = "<group>";
		};
		AED6CC1827EE182A00818897 /* LaunchScreen.storyboard */ = {
			isa = PBXVariantGroup;
			children = (
				AED6CC1927EE182A00818897 /* Base */,
			);
			name = LaunchScreen.storyboard;
			sourceTree = "<group>";
		};
/* End PBXVariantGroup section */

/* Begin XCBuildConfiguration section */
		AED6CC1C27EE182A00818897 /* Debug */ = {
			isa = XCBuildConfiguration;
			buildSettings = {
				ALWAYS_SEARCH_USER_PATHS = NO;
				CLANG_ANALYZER_NONNULL = YES;
				CLANG_ANALYZER_NUMBER_OBJECT_CONVERSION = YES_AGGRESSIVE;
				CLANG_CXX_LANGUAGE_STANDARD = "gnu++17";
				CLANG_ENABLE_MODULES = YES;
				CLANG_ENABLE_OBJC_ARC = YES;
				CLANG_ENABLE_OBJC_WEAK = YES;
				CLANG_WARN_BLOCK_CAPTURE_AUTORELEASING = YES;
				CLANG_WARN_BOOL_CONVERSION = YES;
				CLANG_WARN_COMMA = YES;
				CLANG_WARN_CONSTANT_CONVERSION = YES;
				CLANG_WARN_DEPRECATED_OBJC_IMPLEMENTATIONS = YES;
				CLANG_WARN_DIRECT_OBJC_ISA_USAGE = YES_ERROR;
				CLANG_WARN_DOCUMENTATION_COMMENTS = YES;
				CLANG_WARN_EMPTY_BODY = YES;
				CLANG_WARN_ENUM_CONVERSION = YES;
				CLANG_WARN_INFINITE_RECURSION = YES;
				CLANG_WARN_INT_CONVERSION = YES;
				CLANG_WARN_NON_LITERAL_NULL_CONVERSION = YES;
				CLANG_WARN_OBJC_IMPLICIT_RETAIN_SELF = YES;
				CLANG_WARN_OBJC_LITERAL_CONVERSION = YES;
				CLANG_WARN_OBJC_ROOT_CLASS = YES_ERROR;
				CLANG_WARN_QUOTED_INCLUDE_IN_FRAMEWORK_HEADER = YES;
				CLANG_WARN_RANGE_LOOP_ANALYSIS = YES;
				CLANG_WARN_STRICT_PROTOTYPES = YES;
				CLANG_WARN_SUSPICIOUS_MOVE = YES;
				CLANG_WARN_UNGUARDED_AVAILABILITY = YES_AGGRESSIVE;
				CLANG_WARN_UNREACHABLE_CODE = YES;
				CLANG_WARN__DUPLICATE_METHOD_MATCH = YES;
				COPY_PHASE_STRIP = NO;
				DEBUG_INFORMATION_FORMAT = dwarf;
				ENABLE_STRICT_OBJC_MSGSEND = YES;
				ENABLE_TESTABILITY = YES;
				GCC_C_LANGUAGE_STANDARD = gnu11;
				GCC_DYNAMIC_NO_PIC = NO;
				GCC_NO_COMMON_BLOCKS = YES;
				GCC_OPTIMIZATION_LEVEL = 0;
				GCC_PREPROCESSOR_DEFINITIONS = (
					"DEBUG=1",
					"$(inherited)",
				);
				GCC_WARN_64_TO_32_BIT_CONVERSION = YES;
				GCC_WARN_ABOUT_RETURN_TYPE = YES_ERROR;
				GCC_WARN_UNDECLARED_SELECTOR = YES;
				GCC_WARN_UNINITIALIZED_AUTOS = YES_AGGRESSIVE;
				GCC_WARN_UNUSED_FUNCTION = YES;
				GCC_WARN_UNUSED_VARIABLE = YES;
				IPHONEOS_DEPLOYMENT_TARGET = 15.4;
				MTL_ENABLE_DEBUG_INFO = INCLUDE_SOURCE;
				MTL_FAST_MATH = YES;
				ONLY_ACTIVE_ARCH = YES;
				SDKROOT = iphoneos;
				SWIFT_ACTIVE_COMPILATION_CONDITIONS = DEBUG;
				SWIFT_OPTIMIZATION_LEVEL = "-Onone";
			};
			name = Debug;
		};
		AED6CC1D27EE182A00818897 /* Release */ = {
			isa = XCBuildConfiguration;
			buildSettings = {
				ALWAYS_SEARCH_USER_PATHS = NO;
				CLANG_ANALYZER_NONNULL = YES;
				CLANG_ANALYZER_NUMBER_OBJECT_CONVERSION = YES_AGGRESSIVE;
				CLANG_CXX_LANGUAGE_STANDARD = "gnu++17";
				CLANG_ENABLE_MODULES = YES;
				CLANG_ENABLE_OBJC_ARC = YES;
				CLANG_ENABLE_OBJC_WEAK = YES;
				CLANG_WARN_BLOCK_CAPTURE_AUTORELEASING = YES;
				CLANG_WARN_BOOL_CONVERSION = YES;
				CLANG_WARN_COMMA = YES;
				CLANG_WARN_CONSTANT_CONVERSION = YES;
				CLANG_WARN_DEPRECATED_OBJC_IMPLEMENTATIONS = YES;
				CLANG_WARN_DIRECT_OBJC_ISA_USAGE = YES_ERROR;
				CLANG_WARN_DOCUMENTATION_COMMENTS = YES;
				CLANG_WARN_EMPTY_BODY = YES;
				CLANG_WARN_ENUM_CONVERSION = YES;
				CLANG_WARN_INFINITE_RECURSION = YES;
				CLANG_WARN_INT_CONVERSION = YES;
				CLANG_WARN_NON_LITERAL_NULL_CONVERSION = YES;
				CLANG_WARN_OBJC_IMPLICIT_RETAIN_SELF = YES;
				CLANG_WARN_OBJC_LITERAL_CONVERSION = YES;
				CLANG_WARN_OBJC_ROOT_CLASS = YES_ERROR;
				CLANG_WARN_QUOTED_INCLUDE_IN_FRAMEWORK_HEADER = YES;
				CLANG_WARN_RANGE_LOOP_ANALYSIS = YES;
				CLANG_WARN_STRICT_PROTOTYPES = YES;
				CLANG_WARN_SUSPICIOUS_MOVE = YES;
				CLANG_WARN_UNGUARDED_AVAILABILITY = YES_AGGRESSIVE;
				CLANG_WARN_UNREACHABLE_CODE = YES;
				CLANG_WARN__DUPLICATE_METHOD_MATCH = YES;
				COPY_PHASE_STRIP = NO;
				DEBUG_INFORMATION_FORMAT = "dwarf-with-dsym";
				ENABLE_NS_ASSERTIONS = NO;
				ENABLE_STRICT_OBJC_MSGSEND = YES;
				GCC_C_LANGUAGE_STANDARD = gnu11;
				GCC_NO_COMMON_BLOCKS = YES;
				GCC_WARN_64_TO_32_BIT_CONVERSION = YES;
				GCC_WARN_ABOUT_RETURN_TYPE = YES_ERROR;
				GCC_WARN_UNDECLARED_SELECTOR = YES;
				GCC_WARN_UNINITIALIZED_AUTOS = YES_AGGRESSIVE;
				GCC_WARN_UNUSED_FUNCTION = YES;
				GCC_WARN_UNUSED_VARIABLE = YES;
				IPHONEOS_DEPLOYMENT_TARGET = 15.4;
				MTL_ENABLE_DEBUG_INFO = NO;
				MTL_FAST_MATH = YES;
				SDKROOT = iphoneos;
				SWIFT_COMPILATION_MODE = wholemodule;
				SWIFT_OPTIMIZATION_LEVEL = "-O";
				VALIDATE_PRODUCT = YES;
			};
			name = Release;
		};
		AED6CC1F27EE182A00818897 /* Debug */ = {
			isa = XCBuildConfiguration;
			baseConfigurationReference = B5D284C26A68F5D02FAED1E9 /* Pods-debug_text.debug.xcconfig */;
			buildSettings = {
				ASSETCATALOG_COMPILER_APPICON_NAME = AppIcon;
				ASSETCATALOG_COMPILER_GLOBAL_ACCENT_COLOR_NAME = AccentColor;
				CODE_SIGN_STYLE = Automatic;
				CURRENT_PROJECT_VERSION = 1;
				DEVELOPMENT_TEAM = ZAL935K4Y8;
				GENERATE_INFOPLIST_FILE = YES;
				INFOPLIST_FILE = debug_text/Info.plist;
				INFOPLIST_KEY_UIApplicationSupportsIndirectInputEvents = YES;
				INFOPLIST_KEY_UILaunchStoryboardName = LaunchScreen;
				INFOPLIST_KEY_UIMainStoryboardFile = Main;
				INFOPLIST_KEY_UISupportedInterfaceOrientations_iPad = "UIInterfaceOrientationPortrait UIInterfaceOrientationPortraitUpsideDown UIInterfaceOrientationLandscapeLeft UIInterfaceOrientationLandscapeRight";
				INFOPLIST_KEY_UISupportedInterfaceOrientations_iPhone = "UIInterfaceOrientationPortrait UIInterfaceOrientationLandscapeLeft UIInterfaceOrientationLandscapeRight";
				LD_RUNPATH_SEARCH_PATHS = (
					"$(inherited)",
					"@executable_path/Frameworks",
				);
				MARKETING_VERSION = 1.0;
				PRODUCT_BUNDLE_IDENTIFIER = "test.debug-text";
				PRODUCT_NAME = "$(TARGET_NAME)";
				SWIFT_EMIT_LOC_STRINGS = YES;
				SWIFT_VERSION = 5.0;
				TARGETED_DEVICE_FAMILY = "1,2";
			};
			name = Debug;
		};
		AED6CC2027EE182A00818897 /* Release */ = {
			isa = XCBuildConfiguration;
			baseConfigurationReference = FCBF567B3EE80C2040AA33BF /* Pods-debug_text.release.xcconfig */;
			buildSettings = {
				ASSETCATALOG_COMPILER_APPICON_NAME = AppIcon;
				ASSETCATALOG_COMPILER_GLOBAL_ACCENT_COLOR_NAME = AccentColor;
				CODE_SIGN_STYLE = Automatic;
				CURRENT_PROJECT_VERSION = 1;
				DEVELOPMENT_TEAM = ZAL935K4Y8;
				GENERATE_INFOPLIST_FILE = YES;
				INFOPLIST_FILE = debug_text/Info.plist;
				INFOPLIST_KEY_UIApplicationSupportsIndirectInputEvents = YES;
				INFOPLIST_KEY_UILaunchStoryboardName = LaunchScreen;
				INFOPLIST_KEY_UIMainStoryboardFile = Main;
				INFOPLIST_KEY_UISupportedInterfaceOrientations_iPad = "UIInterfaceOrientationPortrait UIInterfaceOrientationPortraitUpsideDown UIInterfaceOrientationLandscapeLeft UIInterfaceOrientationLandscapeRight";
				INFOPLIST_KEY_UISupportedInterfaceOrientations_iPhone = "UIInterfaceOrientationPortrait UIInterfaceOrientationLandscapeLeft UIInterfaceOrientationLandscapeRight";
				LD_RUNPATH_SEARCH_PATHS = (
					"$(inherited)",
					"@executable_path/Frameworks",
				);
				MARKETING_VERSION = 1.0;
				PRODUCT_BUNDLE_IDENTIFIER = "test.debug-text";
				PRODUCT_NAME = "$(TARGET_NAME)";
				SWIFT_EMIT_LOC_STRINGS = YES;
				SWIFT_VERSION = 5.0;
				TARGETED_DEVICE_FAMILY = "1,2";
			};
			name = Release;
		};
/* End XCBuildConfiguration section */

/* Begin XCConfigurationList section */
		AED6CC0527EE182900818897 /* Build configuration list for PBXProject "debug_text" */ = {
			isa = XCConfigurationList;
			buildConfigurations = (
				AED6CC1C27EE182A00818897 /* Debug */,
				AED6CC1D27EE182A00818897 /* Release */,
			);
			defaultConfigurationIsVisible = 0;
			defaultConfigurationName = Release;
		};
		AED6CC1E27EE182A00818897 /* Build configuration list for PBXNativeTarget "debug_text" */ = {
			isa = XCConfigurationList;
			buildConfigurations = (
				AED6CC1F27EE182A00818897 /* Debug */,
				AED6CC2027EE182A00818897 /* Release */,
			);
			defaultConfigurationIsVisible = 0;
			defaultConfigurationName = Release;
		};
/* End XCConfigurationList section */
	};
	rootObject = AED6CC0227EE182900818897 /* Project object */;
}
