// !$*UTF8*$!
{
	archiveVersion = 1;
	classes = {
	};
	objectVersion = 55;
	objects = {

/* Begin PBXBuildFile section */
		AEA2E71127F985A6008553BB /* AppDelegate.swift in Sources */ = {isa = PBXBuildFile; fileRef = AEA2E71027F985A6008553BB /* AppDelegate.swift */; };
		AEA2E71327F985A6008553BB /* SceneDelegate.swift in Sources */ = {isa = PBXBuildFile; fileRef = AEA2E71227F985A6008553BB /* SceneDelegate.swift */; };
		AEA2E71A27F985A9008553BB /* Assets.xcassets in Resources */ = {isa = PBXBuildFile; fileRef = AEA2E71927F985A9008553BB /* Assets.xcassets */; };
		AEA2E71D27F985A9008553BB /* LaunchScreen.storyboard in Resources */ = {isa = PBXBuildFile; fileRef = AEA2E71B27F985A9008553BB /* LaunchScreen.storyboard */; };
		AEA2E72527F98787008553BB /* BeerListViewController.swift in Sources */ = {isa = PBXBuildFile; fileRef = AEA2E72427F98787008553BB /* BeerListViewController.swift */; };
		AEA2E72827F98BB8008553BB /* SnapKit in Frameworks */ = {isa = PBXBuildFile; productRef = AEA2E72727F98BB8008553BB /* SnapKit */; };
		AEA2E72B27F98BCF008553BB /* Kingfisher in Frameworks */ = {isa = PBXBuildFile; productRef = AEA2E72A27F98BCF008553BB /* Kingfisher */; };
		AEA2E72D27F98C0B008553BB /* Beer.swift in Sources */ = {isa = PBXBuildFile; fileRef = AEA2E72C27F98C0B008553BB /* Beer.swift */; };
		AEA2E72F27F98EFD008553BB /* BeerListCell.swift in Sources */ = {isa = PBXBuildFile; fileRef = AEA2E72E27F98EFD008553BB /* BeerListCell.swift */; };
		AEA2E73127F991B6008553BB /* BeerDetailViewController.swift in Sources */ = {isa = PBXBuildFile; fileRef = AEA2E73027F991B6008553BB /* BeerDetailViewController.swift */; };
/* End PBXBuildFile section */

/* Begin PBXFileReference section */
		AEA2E70D27F985A6008553BB /* Brewery.app */ = {isa = PBXFileReference; explicitFileType = wrapper.application; includeInIndex = 0; path = Brewery.app; sourceTree = BUILT_PRODUCTS_DIR; };
		AEA2E71027F985A6008553BB /* AppDelegate.swift */ = {isa = PBXFileReference; lastKnownFileType = sourcecode.swift; path = AppDelegate.swift; sourceTree = "<group>"; };
		AEA2E71227F985A6008553BB /* SceneDelegate.swift */ = {isa = PBXFileReference; lastKnownFileType = sourcecode.swift; path = SceneDelegate.swift; sourceTree = "<group>"; };
		AEA2E71927F985A9008553BB /* Assets.xcassets */ = {isa = PBXFileReference; lastKnownFileType = folder.assetcatalog; path = Assets.xcassets; sourceTree = "<group>"; };
		AEA2E71C27F985A9008553BB /* Base */ = {isa = PBXFileReference; lastKnownFileType = file.storyboard; name = Base; path = Base.lproj/LaunchScreen.storyboard; sourceTree = "<group>"; };
		AEA2E71E27F985A9008553BB /* Info.plist */ = {isa = PBXFileReference; lastKnownFileType = text.plist.xml; path = Info.plist; sourceTree = "<group>"; };
		AEA2E72427F98787008553BB /* BeerListViewController.swift */ = {isa = PBXFileReference; lastKnownFileType = sourcecode.swift; path = BeerListViewController.swift; sourceTree = "<group>"; };
		AEA2E72C27F98C0B008553BB /* Beer.swift */ = {isa = PBXFileReference; lastKnownFileType = sourcecode.swift; path = Beer.swift; sourceTree = "<group>"; };
		AEA2E72E27F98EFD008553BB /* BeerListCell.swift */ = {isa = PBXFileReference; lastKnownFileType = sourcecode.swift; path = BeerListCell.swift; sourceTree = "<group>"; };
		AEA2E73027F991B6008553BB /* BeerDetailViewController.swift */ = {isa = PBXFileReference; lastKnownFileType = sourcecode.swift; path = BeerDetailViewController.swift; sourceTree = "<group>"; };
/* End PBXFileReference section */

/* Begin PBXFrameworksBuildPhase section */
		AEA2E70A27F985A6008553BB /* Frameworks */ = {
			isa = PBXFrameworksBuildPhase;
			buildActionMask = 2147483647;
			files = (
				AEA2E72B27F98BCF008553BB /* Kingfisher in Frameworks */,
				AEA2E72827F98BB8008553BB /* SnapKit in Frameworks */,
			);
			runOnlyForDeploymentPostprocessing = 0;
		};
/* End PBXFrameworksBuildPhase section */

/* Begin PBXGroup section */
		AEA2E70427F985A6008553BB = {
			isa = PBXGroup;
			children = (
				AEA2E70F27F985A6008553BB /* Brewery */,
				AEA2E70E27F985A6008553BB /* Products */,
			);
			sourceTree = "<group>";
		};
		AEA2E70E27F985A6008553BB /* Products */ = {
			isa = PBXGroup;
			children = (
				AEA2E70D27F985A6008553BB /* Brewery.app */,
			);
			name = Products;
			sourceTree = "<group>";
		};
		AEA2E70F27F985A6008553BB /* Brewery */ = {
			isa = PBXGroup;
			children = (
				AEA2E72C27F98C0B008553BB /* Beer.swift */,
				AEA2E72427F98787008553BB /* BeerListViewController.swift */,
				AEA2E72E27F98EFD008553BB /* BeerListCell.swift */,
				AEA2E73027F991B6008553BB /* BeerDetailViewController.swift */,
				AEA2E71027F985A6008553BB /* AppDelegate.swift */,
				AEA2E71227F985A6008553BB /* SceneDelegate.swift */,
				AEA2E71927F985A9008553BB /* Assets.xcassets */,
				AEA2E71B27F985A9008553BB /* LaunchScreen.storyboard */,
				AEA2E71E27F985A9008553BB /* Info.plist */,
			);
			path = Brewery;
			sourceTree = "<group>";
		};
/* End PBXGroup section */

/* Begin PBXNativeTarget section */
		AEA2E70C27F985A6008553BB /* Brewery */ = {
			isa = PBXNativeTarget;
			buildConfigurationList = AEA2E72127F985A9008553BB /* Build configuration list for PBXNativeTarget "Brewery" */;
			buildPhases = (
				AEA2E70927F985A6008553BB /* Sources */,
				AEA2E70A27F985A6008553BB /* Frameworks */,
				AEA2E70B27F985A6008553BB /* Resources */,
			);
			buildRules = (
			);
			dependencies = (
			);
			name = Brewery;
			packageProductDependencies = (
				AEA2E72727F98BB8008553BB /* SnapKit */,
				AEA2E72A27F98BCF008553BB /* Kingfisher */,
			);
			productName = Brewery;
			productReference = AEA2E70D27F985A6008553BB /* Brewery.app */;
			productType = "com.apple.product-type.application";
		};
/* End PBXNativeTarget section */

/* Begin PBXProject section */
		AEA2E70527F985A6008553BB /* Project object */ = {
			isa = PBXProject;
			attributes = {
				BuildIndependentTargetsInParallel = 1;
				LastSwiftUpdateCheck = 1330;
				LastUpgradeCheck = 1330;
				TargetAttributes = {
					AEA2E70C27F985A6008553BB = {
						CreatedOnToolsVersion = 13.3;
					};
				};
			};
			buildConfigurationList = AEA2E70827F985A6008553BB /* Build configuration list for PBXProject "Brewery" */;
			compatibilityVersion = "Xcode 13.0";
			developmentRegion = en;
			hasScannedForEncodings = 0;
			knownRegions = (
				en,
				Base,
			);
			mainGroup = AEA2E70427F985A6008553BB;
			packageReferences = (
				AEA2E72627F98BB8008553BB /* XCRemoteSwiftPackageReference "SnapKit" */,
				AEA2E72927F98BCF008553BB /* XCRemoteSwiftPackageReference "Kingfisher" */,
			);
			productRefGroup = AEA2E70E27F985A6008553BB /* Products */;
			projectDirPath = "";
			projectRoot = "";
			targets = (
				AEA2E70C27F985A6008553BB /* Brewery */,
			);
		};
/* End PBXProject section */

/* Begin PBXResourcesBuildPhase section */
		AEA2E70B27F985A6008553BB /* Resources */ = {
			isa = PBXResourcesBuildPhase;
			buildActionMask = 2147483647;
			files = (
				AEA2E71D27F985A9008553BB /* LaunchScreen.storyboard in Resources */,
				AEA2E71A27F985A9008553BB /* Assets.xcassets in Resources */,
			);
			runOnlyForDeploymentPostprocessing = 0;
		};
/* End PBXResourcesBuildPhase section */

/* Begin PBXSourcesBuildPhase section */
		AEA2E70927F985A6008553BB /* Sources */ = {
			isa = PBXSourcesBuildPhase;
			buildActionMask = 2147483647;
			files = (
				AEA2E72527F98787008553BB /* BeerListViewController.swift in Sources */,
				AEA2E73127F991B6008553BB /* BeerDetailViewController.swift in Sources */,
				AEA2E71127F985A6008553BB /* AppDelegate.swift in Sources */,
				AEA2E71327F985A6008553BB /* SceneDelegate.swift in Sources */,
				AEA2E72D27F98C0B008553BB /* Beer.swift in Sources */,
				AEA2E72F27F98EFD008553BB /* BeerListCell.swift in Sources */,
			);
			runOnlyForDeploymentPostprocessing = 0;
		};
/* End PBXSourcesBuildPhase section */

/* Begin PBXVariantGroup section */
		AEA2E71B27F985A9008553BB /* LaunchScreen.storyboard */ = {
			isa = PBXVariantGroup;
			children = (
				AEA2E71C27F985A9008553BB /* Base */,
			);
			name = LaunchScreen.storyboard;
			sourceTree = "<group>";
		};
/* End PBXVariantGroup section */

/* Begin XCBuildConfiguration section */
		AEA2E71F27F985A9008553BB /* Debug */ = {
			isa = XCBuildConfiguration;
			buildSettings = {
				ALWAYS_SEARCH_USER_PATHS = NO;
				CLANG_ANALYZER_NONNULL = YES;
				CLANG_ANALYZER_NUMBER_OBJECT_CONVERSION = YES_AGGRESSIVE;
				CLANG_CXX_LANGUAGE_STANDARD = "gnu++17";
				CLANG_ENABLE_MODULES = YES;
				CLANG_ENABLE_OBJC_ARC = YES;
				CLANG_ENABLE_OBJC_WEAK = YES;
				CLANG_WARN_BLOCK_CAPTURE_AUTORELEASING = YES;
				CLANG_WARN_BOOL_CONVERSION = YES;
				CLANG_WARN_COMMA = YES;
				CLANG_WARN_CONSTANT_CONVERSION = YES;
				CLANG_WARN_DEPRECATED_OBJC_IMPLEMENTATIONS = YES;
				CLANG_WARN_DIRECT_OBJC_ISA_USAGE = YES_ERROR;
				CLANG_WARN_DOCUMENTATION_COMMENTS = YES;
				CLANG_WARN_EMPTY_BODY = YES;
				CLANG_WARN_ENUM_CONVERSION = YES;
				CLANG_WARN_INFINITE_RECURSION = YES;
				CLANG_WARN_INT_CONVERSION = YES;
				CLANG_WARN_NON_LITERAL_NULL_CONVERSION = YES;
				CLANG_WARN_OBJC_IMPLICIT_RETAIN_SELF = YES;
				CLANG_WARN_OBJC_LITERAL_CONVERSION = YES;
				CLANG_WARN_OBJC_ROOT_CLASS = YES_ERROR;
				CLANG_WARN_QUOTED_INCLUDE_IN_FRAMEWORK_HEADER = YES;
				CLANG_WARN_RANGE_LOOP_ANALYSIS = YES;
				CLANG_WARN_STRICT_PROTOTYPES = YES;
				CLANG_WARN_SUSPICIOUS_MOVE = YES;
				CLANG_WARN_UNGUARDED_AVAILABILITY = YES_AGGRESSIVE;
				CLANG_WARN_UNREACHABLE_CODE = YES;
				CLANG_WARN__DUPLICATE_METHOD_MATCH = YES;
				COPY_PHASE_STRIP = NO;
				DEBUG_INFORMATION_FORMAT = dwarf;
				ENABLE_STRICT_OBJC_MSGSEND = YES;
				ENABLE_TESTABILITY = YES;
				GCC_C_LANGUAGE_STANDARD = gnu11;
				GCC_DYNAMIC_NO_PIC = NO;
				GCC_NO_COMMON_BLOCKS = YES;
				GCC_OPTIMIZATION_LEVEL = 0;
				GCC_PREPROCESSOR_DEFINITIONS = (
					"DEBUG=1",
					"$(inherited)",
				);
				GCC_WARN_64_TO_32_BIT_CONVERSION = YES;
				GCC_WARN_ABOUT_RETURN_TYPE = YES_ERROR;
				GCC_WARN_UNDECLARED_SELECTOR = YES;
				GCC_WARN_UNINITIALIZED_AUTOS = YES_AGGRESSIVE;
				GCC_WARN_UNUSED_FUNCTION = YES;
				GCC_WARN_UNUSED_VARIABLE = YES;
				IPHONEOS_DEPLOYMENT_TARGET = 15.4;
				MTL_ENABLE_DEBUG_INFO = INCLUDE_SOURCE;
				MTL_FAST_MATH = YES;
				ONLY_ACTIVE_ARCH = YES;
				SDKROOT = iphoneos;
				SWIFT_ACTIVE_COMPILATION_CONDITIONS = DEBUG;
				SWIFT_OPTIMIZATION_LEVEL = "-Onone";
			};
			name = Debug;
		};
		AEA2E72027F985A9008553BB /* Release */ = {
			isa = XCBuildConfiguration;
			buildSettings = {
				ALWAYS_SEARCH_USER_PATHS = NO;
				CLANG_ANALYZER_NONNULL = YES;
				CLANG_ANALYZER_NUMBER_OBJECT_CONVERSION = YES_AGGRESSIVE;
				CLANG_CXX_LANGUAGE_STANDARD = "gnu++17";
				CLANG_ENABLE_MODULES = YES;
				CLANG_ENABLE_OBJC_ARC = YES;
				CLANG_ENABLE_OBJC_WEAK = YES;
				CLANG_WARN_BLOCK_CAPTURE_AUTORELEASING = YES;
				CLANG_WARN_BOOL_CONVERSION = YES;
				CLANG_WARN_COMMA = YES;
				CLANG_WARN_CONSTANT_CONVERSION = YES;
				CLANG_WARN_DEPRECATED_OBJC_IMPLEMENTATIONS = YES;
				CLANG_WARN_DIRECT_OBJC_ISA_USAGE = YES_ERROR;
				CLANG_WARN_DOCUMENTATION_COMMENTS = YES;
				CLANG_WARN_EMPTY_BODY = YES;
				CLANG_WARN_ENUM_CONVERSION = YES;
				CLANG_WARN_INFINITE_RECURSION = YES;
				CLANG_WARN_INT_CONVERSION = YES;
				CLANG_WARN_NON_LITERAL_NULL_CONVERSION = YES;
				CLANG_WARN_OBJC_IMPLICIT_RETAIN_SELF = YES;
				CLANG_WARN_OBJC_LITERAL_CONVERSION = YES;
				CLANG_WARN_OBJC_ROOT_CLASS = YES_ERROR;
				CLANG_WARN_QUOTED_INCLUDE_IN_FRAMEWORK_HEADER = YES;
				CLANG_WARN_RANGE_LOOP_ANALYSIS = YES;
				CLANG_WARN_STRICT_PROTOTYPES = YES;
				CLANG_WARN_SUSPICIOUS_MOVE = YES;
				CLANG_WARN_UNGUARDED_AVAILABILITY = YES_AGGRESSIVE;
				CLANG_WARN_UNREACHABLE_CODE = YES;
				CLANG_WARN__DUPLICATE_METHOD_MATCH = YES;
				COPY_PHASE_STRIP = NO;
				DEBUG_INFORMATION_FORMAT = "dwarf-with-dsym";
				ENABLE_NS_ASSERTIONS = NO;
				ENABLE_STRICT_OBJC_MSGSEND = YES;
				GCC_C_LANGUAGE_STANDARD = gnu11;
				GCC_NO_COMMON_BLOCKS = YES;
				GCC_WARN_64_TO_32_BIT_CONVERSION = YES;
				GCC_WARN_ABOUT_RETURN_TYPE = YES_ERROR;
				GCC_WARN_UNDECLARED_SELECTOR = YES;
				GCC_WARN_UNINITIALIZED_AUTOS = YES_AGGRESSIVE;
				GCC_WARN_UNUSED_FUNCTION = YES;
				GCC_WARN_UNUSED_VARIABLE = YES;
				IPHONEOS_DEPLOYMENT_TARGET = 15.4;
				MTL_ENABLE_DEBUG_INFO = NO;
				MTL_FAST_MATH = YES;
				SDKROOT = iphoneos;
				SWIFT_COMPILATION_MODE = wholemodule;
				SWIFT_OPTIMIZATION_LEVEL = "-O";
				VALIDATE_PRODUCT = YES;
			};
			name = Release;
		};
		AEA2E72227F985A9008553BB /* Debug */ = {
			isa = XCBuildConfiguration;
			buildSettings = {
				ASSETCATALOG_COMPILER_APPICON_NAME = AppIcon;
				ASSETCATALOG_COMPILER_GLOBAL_ACCENT_COLOR_NAME = AccentColor;
				CODE_SIGN_STYLE = Automatic;
				CURRENT_PROJECT_VERSION = 1;
				DEVELOPMENT_TEAM = ZAL935K4Y8;
				GENERATE_INFOPLIST_FILE = YES;
				INFOPLIST_FILE = Brewery/Info.plist;
				INFOPLIST_KEY_UIApplicationSupportsIndirectInputEvents = YES;
				INFOPLIST_KEY_UILaunchStoryboardName = LaunchScreen;
				INFOPLIST_KEY_UISupportedInterfaceOrientations_iPad = "UIInterfaceOrientationPortrait UIInterfaceOrientationPortraitUpsideDown UIInterfaceOrientationLandscapeLeft UIInterfaceOrientationLandscapeRight";
				INFOPLIST_KEY_UISupportedInterfaceOrientations_iPhone = "UIInterfaceOrientationPortrait UIInterfaceOrientationLandscapeLeft UIInterfaceOrientationLandscapeRight";
				LD_RUNPATH_SEARCH_PATHS = (
					"$(inherited)",
					"@executable_path/Frameworks",
				);
				MARKETING_VERSION = 1.0;
				PRODUCT_BUNDLE_IDENTIFIER = test.Brewery;
				PRODUCT_NAME = "$(TARGET_NAME)";
				SWIFT_EMIT_LOC_STRINGS = YES;
				SWIFT_VERSION = 5.0;
				TARGETED_DEVICE_FAMILY = "1,2";
			};
			name = Debug;
		};
		AEA2E72327F985A9008553BB /* Release */ = {
			isa = XCBuildConfiguration;
			buildSettings = {
				ASSETCATALOG_COMPILER_APPICON_NAME = AppIcon;
				ASSETCATALOG_COMPILER_GLOBAL_ACCENT_COLOR_NAME = AccentColor;
				CODE_SIGN_STYLE = Automatic;
				CURRENT_PROJECT_VERSION = 1;
				DEVELOPMENT_TEAM = ZAL935K4Y8;
				GENERATE_INFOPLIST_FILE = YES;
				INFOPLIST_FILE = Brewery/Info.plist;
				INFOPLIST_KEY_UIApplicationSupportsIndirectInputEvents = YES;
				INFOPLIST_KEY_UILaunchStoryboardName = LaunchScreen;
				INFOPLIST_KEY_UISupportedInterfaceOrientations_iPad = "UIInterfaceOrientationPortrait UIInterfaceOrientationPortraitUpsideDown UIInterfaceOrientationLandscapeLeft UIInterfaceOrientationLandscapeRight";
				INFOPLIST_KEY_UISupportedInterfaceOrientations_iPhone = "UIInterfaceOrientationPortrait UIInterfaceOrientationLandscapeLeft UIInterfaceOrientationLandscapeRight";
				LD_RUNPATH_SEARCH_PATHS = (
					"$(inherited)",
					"@executable_path/Frameworks",
				);
				MARKETING_VERSION = 1.0;
				PRODUCT_BUNDLE_IDENTIFIER = test.Brewery;
				PRODUCT_NAME = "$(TARGET_NAME)";
				SWIFT_EMIT_LOC_STRINGS = YES;
				SWIFT_VERSION = 5.0;
				TARGETED_DEVICE_FAMILY = "1,2";
			};
			name = Release;
		};
/* End XCBuildConfiguration section */

/* Begin XCConfigurationList section */
		AEA2E70827F985A6008553BB /* Build configuration list for PBXProject "Brewery" */ = {
			isa = XCConfigurationList;
			buildConfigurations = (
				AEA2E71F27F985A9008553BB /* Debug */,
				AEA2E72027F985A9008553BB /* Release */,
			);
			defaultConfigurationIsVisible = 0;
			defaultConfigurationName = Release;
		};
		AEA2E72127F985A9008553BB /* Build configuration list for PBXNativeTarget "Brewery" */ = {
			isa = XCConfigurationList;
			buildConfigurations = (
				AEA2E72227F985A9008553BB /* Debug */,
				AEA2E72327F985A9008553BB /* Release */,
			);
			defaultConfigurationIsVisible = 0;
			defaultConfigurationName = Release;
		};
/* End XCConfigurationList section */

/* Begin XCRemoteSwiftPackageReference section */
		AEA2E72627F98BB8008553BB /* XCRemoteSwiftPackageReference "SnapKit" */ = {
			isa = XCRemoteSwiftPackageReference;
			repositoryURL = "https://github.com/SnapKit/SnapKit.git";
			requirement = {
				kind = upToNextMajorVersion;
				minimumVersion = 5.0.0;
			};
		};
		AEA2E72927F98BCF008553BB /* XCRemoteSwiftPackageReference "Kingfisher" */ = {
			isa = XCRemoteSwiftPackageReference;
			repositoryURL = "https://github.com/onevcat/Kingfisher.git";
			requirement = {
				kind = upToNextMajorVersion;
				minimumVersion = 7.0.0;
			};
		};
/* End XCRemoteSwiftPackageReference section */

/* Begin XCSwiftPackageProductDependency section */
		AEA2E72727F98BB8008553BB /* SnapKit */ = {
			isa = XCSwiftPackageProductDependency;
			package = AEA2E72627F98BB8008553BB /* XCRemoteSwiftPackageReference "SnapKit" */;
			productName = SnapKit;
		};
		AEA2E72A27F98BCF008553BB /* Kingfisher */ = {
			isa = XCSwiftPackageProductDependency;
			package = AEA2E72927F98BCF008553BB /* XCRemoteSwiftPackageReference "Kingfisher" */;
			productName = Kingfisher;
		};
/* End XCSwiftPackageProductDependency section */
	};
	rootObject = AEA2E70527F985A6008553BB /* Project object */;
}
